// !$*UTF8*$!
{
	archiveVersion = 1;
	classes = {
	};
	objectVersion = 56;
	objects = {

/* Begin PBXBuildFile section */
		9C475C6E2D52DB1A00EAE3C5 /* VolunteersiOsApp.swift in Sources */ = {isa = PBXBuildFile; fileRef = 9C475C6D2D52DB1A00EAE3C5 /* VolunteersiOsApp.swift */; };
		9C475C702D52DB1A00EAE3C5 /* ContentView.swift in Sources */ = {isa = PBXBuildFile; fileRef = 9C475C6F2D52DB1A00EAE3C5 /* ContentView.swift */; };
		9C475C722D52DB1F00EAE3C5 /* Assets.xcassets in Resources */ = {isa = PBXBuildFile; fileRef = 9C475C712D52DB1F00EAE3C5 /* Assets.xcassets */; };
		9C475C752D52DB1F00EAE3C5 /* Preview Assets.xcassets in Resources */ = {isa = PBXBuildFile; fileRef = 9C475C742D52DB1F00EAE3C5 /* Preview Assets.xcassets */; };
		9C475C7F2D52DB2000EAE3C5 /* VolunteersiOsAppTests.swift in Sources */ = {isa = PBXBuildFile; fileRef = 9C475C7E2D52DB2000EAE3C5 /* VolunteersiOsAppTests.swift */; };
		9C475C892D52DB2000EAE3C5 /* VolunteersiOsAppUITests.swift in Sources */ = {isa = PBXBuildFile; fileRef = 9C475C882D52DB2000EAE3C5 /* VolunteersiOsAppUITests.swift */; };
		9C475C8B2D52DB2000EAE3C5 /* VolunteersiOsAppUITestsLaunchTests.swift in Sources */ = {isa = PBXBuildFile; fileRef = 9C475C8A2D52DB2000EAE3C5 /* VolunteersiOsAppUITestsLaunchTests.swift */; };
		9C475CA32D52E49200EAE3C5 /* AppModule.swift in Sources */ = {isa = PBXBuildFile; fileRef = 9C475CA22D52E49200EAE3C5 /* AppModule.swift */; };
		9C475CA52D52E4D100EAE3C5 /* NetworkModule.swift in Sources */ = {isa = PBXBuildFile; fileRef = 9C475CA42D52E4D100EAE3C5 /* NetworkModule.swift */; };
		9C5AF56D2D5E253F00468BEA /* SettingsRemoteUseCaseImpl.swift in Sources */ = {isa = PBXBuildFile; fileRef = 9C5AF56C2D5E253E00468BEA /* SettingsRemoteUseCaseImpl.swift */; };
		9C5AF56F2D5E260D00468BEA /* SettingsEntity.swift in Sources */ = {isa = PBXBuildFile; fileRef = 9C5AF56E2D5E260D00468BEA /* SettingsEntity.swift */; };
		9C5AF5712D5E264600468BEA /* SettingsModel.swift in Sources */ = {isa = PBXBuildFile; fileRef = 9C5AF5702D5E264600468BEA /* SettingsModel.swift */; };
		9C5AF5732D5E287200468BEA /* SettingsRemoteRepositoryImpl.swift in Sources */ = {isa = PBXBuildFile; fileRef = 9C5AF5722D5E287200468BEA /* SettingsRemoteRepositoryImpl.swift */; };
		9C5AF5762D5E290700468BEA /* SettingsRemoteDataSource.swift in Sources */ = {isa = PBXBuildFile; fileRef = 9C5AF5752D5E290700468BEA /* SettingsRemoteDataSource.swift */; };
		9C5AF5792D5E38B100468BEA /* FirebaseAnalytics in Frameworks */ = {isa = PBXBuildFile; productRef = 9C5AF5782D5E38B100468BEA /* FirebaseAnalytics */; };
		9C5AF57B2D5E38B100468BEA /* FirebaseAuth in Frameworks */ = {isa = PBXBuildFile; productRef = 9C5AF57A2D5E38B100468BEA /* FirebaseAuth */; };
		9C5AF57D2D5E38B100468BEA /* FirebaseCrashlytics in Frameworks */ = {isa = PBXBuildFile; productRef = 9C5AF57C2D5E38B100468BEA /* FirebaseCrashlytics */; };
		9C5AF57F2D5E38B100468BEA /* FirebaseFirestore in Frameworks */ = {isa = PBXBuildFile; productRef = 9C5AF57E2D5E38B100468BEA /* FirebaseFirestore */; };
		9C5AF5812D5E3A9D00468BEA /* FirebaseModule.swift in Sources */ = {isa = PBXBuildFile; fileRef = 9C5AF5802D5E3A9D00468BEA /* FirebaseModule.swift */; };
		9C5AF5842D5E7F6D00468BEA /* AppConfig.swift in Sources */ = {isa = PBXBuildFile; fileRef = 9C5AF5832D5E7F6D00468BEA /* AppConfig.swift */; };
		9C5AF5882D5FF16400468BEA /* Features.md in Resources */ = {isa = PBXBuildFile; fileRef = 9C5AF5872D5FF16400468BEA /* Features.md */; };
		9C5AF58A2D5FFBFA00468BEA /* README.md in Resources */ = {isa = PBXBuildFile; fileRef = 9C5AF5892D5FFBFA00468BEA /* README.md */; };
		9C5AF58C2D5FFC1400468BEA /* GoogleService-Info.plist in Resources */ = {isa = PBXBuildFile; fileRef = 9C5AF58B2D5FFC1400468BEA /* GoogleService-Info.plist */; };
		9C5CB9C22D66137900EB3609 /* UserModule.swift in Sources */ = {isa = PBXBuildFile; fileRef = 9C5CB9C12D66137900EB3609 /* UserModule.swift */; };
		9C5CB9C52D66775300EB3609 /* FirestoreUserAddressModel.swift in Sources */ = {isa = PBXBuildFile; fileRef = 9C5CB9C42D66775300EB3609 /* FirestoreUserAddressModel.swift */; };
		9C5CB9C72D66777000EB3609 /* FirestoreUserPhonesModel.swift in Sources */ = {isa = PBXBuildFile; fileRef = 9C5CB9C62D66777000EB3609 /* FirestoreUserPhonesModel.swift */; };
		9C5CB9C92D66779500EB3609 /* FirestoreUserSocialMediaModel.swift in Sources */ = {isa = PBXBuildFile; fileRef = 9C5CB9C82D66779500EB3609 /* FirestoreUserSocialMediaModel.swift */; };
		9C5CB9CB2D6677C300EB3609 /* FirestoreUserNotificationSettingsModel.swift in Sources */ = {isa = PBXBuildFile; fileRef = 9C5CB9CA2D6677C300EB3609 /* FirestoreUserNotificationSettingsModel.swift */; };
		9C5CB9CE2D6678A100EB3609 /* FirestoreUserEntity.swift in Sources */ = {isa = PBXBuildFile; fileRef = 9C5CB9CD2D6678A000EB3609 /* FirestoreUserEntity.swift */; };
		9C5CB9D02D66791900EB3609 /* FirestoreUserAddressEntity.swift in Sources */ = {isa = PBXBuildFile; fileRef = 9C5CB9CF2D66791900EB3609 /* FirestoreUserAddressEntity.swift */; };
		9C5CB9D22D66794B00EB3609 /* FirestoreUserPhonesEntity.swift in Sources */ = {isa = PBXBuildFile; fileRef = 9C5CB9D12D66794B00EB3609 /* FirestoreUserPhonesEntity.swift */; };
		9C5CB9D42D66796600EB3609 /* FirestoreUserSocialMediaEntity.swift in Sources */ = {isa = PBXBuildFile; fileRef = 9C5CB9D32D66796600EB3609 /* FirestoreUserSocialMediaEntity.swift */; };
		9C5CB9D62D6679CE00EB3609 /* FirestoreUserNotificationSettingsEntity.swift in Sources */ = {isa = PBXBuildFile; fileRef = 9C5CB9D52D6679CE00EB3609 /* FirestoreUserNotificationSettingsEntity.swift */; };
		9C60EC2A2D54E51E00080BA7 /* HomeModule.swift in Sources */ = {isa = PBXBuildFile; fileRef = 9C60EBBA2D54E51E00080BA7 /* HomeModule.swift */; };
		9C60EC2F2D54E51E00080BA7 /* HomeState.swift in Sources */ = {isa = PBXBuildFile; fileRef = 9C60EBCD2D54E51E00080BA7 /* HomeState.swift */; };
		9C60EC302D54E51E00080BA7 /* HomeView.swift in Sources */ = {isa = PBXBuildFile; fileRef = 9C60EBCE2D54E51E00080BA7 /* HomeView.swift */; };
		9C60EC312D54E51E00080BA7 /* HomeViewModel.swift in Sources */ = {isa = PBXBuildFile; fileRef = 9C60EBCF2D54E51E00080BA7 /* HomeViewModel.swift */; };
		9C60EC422D54E51E00080BA7 /* LoginState.swift in Sources */ = {isa = PBXBuildFile; fileRef = 9C60EBF62D54E51E00080BA7 /* LoginState.swift */; };
		9C60EC432D54E51E00080BA7 /* LoginView.swift in Sources */ = {isa = PBXBuildFile; fileRef = 9C60EBF72D54E51E00080BA7 /* LoginView.swift */; };
		9C60EC442D54E51E00080BA7 /* LoginViewModel.swift in Sources */ = {isa = PBXBuildFile; fileRef = 9C60EBF82D54E51E00080BA7 /* LoginViewModel.swift */; };
		9C60EC4D2D54E51E00080BA7 /* Router.swift in Sources */ = {isa = PBXBuildFile; fileRef = 9C60EC142D54E51E00080BA7 /* Router.swift */; };
		9C60EC4E2D54E51E00080BA7 /* Screens.swift in Sources */ = {isa = PBXBuildFile; fileRef = 9C60EC152D54E51E00080BA7 /* Screens.swift */; };
		9C60EC552D54E51E00080BA7 /* SettingsState.swift in Sources */ = {isa = PBXBuildFile; fileRef = 9C60EC1F2D54E51E00080BA7 /* SettingsState.swift */; };
		9C60EC562D54E51E00080BA7 /* SettingsView.swift in Sources */ = {isa = PBXBuildFile; fileRef = 9C60EC202D54E51E00080BA7 /* SettingsView.swift */; };
		9C60EC572D54E51E00080BA7 /* SettingsViewModel.swift in Sources */ = {isa = PBXBuildFile; fileRef = 9C60EC212D54E51E00080BA7 /* SettingsViewModel.swift */; };
		9C60EC582D54E51E00080BA7 /* SplashScreenView.swift in Sources */ = {isa = PBXBuildFile; fileRef = 9C60EC232D54E51E00080BA7 /* SplashScreenView.swift */; };
		9C60EC592D54E51E00080BA7 /* AuthManager.swift in Sources */ = {isa = PBXBuildFile; fileRef = 9C60EC262D54E51E00080BA7 /* AuthManager.swift */; };
		9C60EC5D2D54E74100080BA7 /* CoreModule.swift in Sources */ = {isa = PBXBuildFile; fileRef = 9C60EC5C2D54E74100080BA7 /* CoreModule.swift */; };
		9C60EC5F2D54E77600080BA7 /* DataModule.swift in Sources */ = {isa = PBXBuildFile; fileRef = 9C60EC5E2D54E77600080BA7 /* DataModule.swift */; };
		9C60EC612D54E7F800080BA7 /* LoginModule.swift in Sources */ = {isa = PBXBuildFile; fileRef = 9C60EC602D54E7F800080BA7 /* LoginModule.swift */; };
		9C60EC632D54E80900080BA7 /* SettingsModule.swift in Sources */ = {isa = PBXBuildFile; fileRef = 9C60EC622D54E80900080BA7 /* SettingsModule.swift */; };
		9C60EC652D54F1C300080BA7 /* SettingsRemoteDataSourceImpl.swift in Sources */ = {isa = PBXBuildFile; fileRef = 9C60EC642D54F1C300080BA7 /* SettingsRemoteDataSourceImpl.swift */; };
		9C60EC672D54F1E900080BA7 /* SettingsRemoteRepository.swift in Sources */ = {isa = PBXBuildFile; fileRef = 9C60EC662D54F1E900080BA7 /* SettingsRemoteRepository.swift */; };
		9C60EC692D54F20300080BA7 /* SettingsRemoteUseCase.swift in Sources */ = {isa = PBXBuildFile; fileRef = 9C60EC682D54F20300080BA7 /* SettingsRemoteUseCase.swift */; };
		9C60EC6C2D55177200080BA7 /* HomeUseCase.swift in Sources */ = {isa = PBXBuildFile; fileRef = 9C60EC6B2D55177200080BA7 /* HomeUseCase.swift */; };
		9C60EC6E2D55179C00080BA7 /* HomeRemoteRepository.swift in Sources */ = {isa = PBXBuildFile; fileRef = 9C60EC6D2D55179C00080BA7 /* HomeRemoteRepository.swift */; };
		9C60EC712D55181A00080BA7 /* HomeRemoteDataSource.swift in Sources */ = {isa = PBXBuildFile; fileRef = 9C60EC702D55181A00080BA7 /* HomeRemoteDataSource.swift */; };
		9C60EC732D5518FB00080BA7 /* HomeUseCaseImpl.swift in Sources */ = {isa = PBXBuildFile; fileRef = 9C60EC722D5518FB00080BA7 /* HomeUseCaseImpl.swift */; };
		9C60EC752D55196D00080BA7 /* HomeRemoteRepositoryImpl.swift in Sources */ = {isa = PBXBuildFile; fileRef = 9C60EC742D55196D00080BA7 /* HomeRemoteRepositoryImpl.swift */; };
		9C60EC772D551A5800080BA7 /* HomeEntity.swift in Sources */ = {isa = PBXBuildFile; fileRef = 9C60EC762D551A5800080BA7 /* HomeEntity.swift */; };
		9C60EC792D551A6D00080BA7 /* HomeModel.swift in Sources */ = {isa = PBXBuildFile; fileRef = 9C60EC782D551A6D00080BA7 /* HomeModel.swift */; };
		9C60EC7B2D551C8400080BA7 /*  HomeRemoteDataSourceImpl.swift in Sources */ = {isa = PBXBuildFile; fileRef = 9C60EC7A2D551C8400080BA7 /*  HomeRemoteDataSourceImpl.swift */; };
		9C6204742D53E50C0068BAAB /* Swinject in Frameworks */ = {isa = PBXBuildFile; productRef = 9C6204732D53E50C0068BAAB /* Swinject */; };
		9C6204762D53E5120068BAAB /* Alamofire in Frameworks */ = {isa = PBXBuildFile; productRef = 9C6204752D53E5120068BAAB /* Alamofire */; };
		9C90D33C2D60DE4E00903BE1 /* LoginErrorView.swift in Sources */ = {isa = PBXBuildFile; fileRef = 9C90D33B2D60DE4E00903BE1 /* LoginErrorView.swift */; };
		9C90D33E2D60E2B600903BE1 /* DefaultRetryController.swift in Sources */ = {isa = PBXBuildFile; fileRef = 9C90D33D2D60E2B600903BE1 /* DefaultRetryController.swift */; };
		9C90D3402D60E3AC00903BE1 /* RetryControllerProtocol.swift in Sources */ = {isa = PBXBuildFile; fileRef = 9C90D33F2D60E3AC00903BE1 /* RetryControllerProtocol.swift */; };
		9CD4A4F92D628074007CCC07 /* LoginFirebaseDataSourceImpl.swift in Sources */ = {isa = PBXBuildFile; fileRef = 9CD4A4F82D628074007CCC07 /* LoginFirebaseDataSourceImpl.swift */; };
		9CD4A4FB2D628CE7007CCC07 /* UserModel.swift in Sources */ = {isa = PBXBuildFile; fileRef = 9CD4A4FA2D628CE7007CCC07 /* UserModel.swift */; };
		9CD4A5022D628E2A007CCC07 /* UserEntity.swift in Sources */ = {isa = PBXBuildFile; fileRef = 9CD4A5012D628E2A007CCC07 /* UserEntity.swift */; };
		9CD4A5042D629108007CCC07 /* UserAddressEntity.swift in Sources */ = {isa = PBXBuildFile; fileRef = 9CD4A5032D629108007CCC07 /* UserAddressEntity.swift */; };
		9CD4A5062D62911A007CCC07 /* UserPhonesEntity.swift in Sources */ = {isa = PBXBuildFile; fileRef = 9CD4A5052D62911A007CCC07 /* UserPhonesEntity.swift */; };
		9CD4A5082D62912B007CCC07 /* UserSocialMediaEntity.swift in Sources */ = {isa = PBXBuildFile; fileRef = 9CD4A5072D62912B007CCC07 /* UserSocialMediaEntity.swift */; };
		9CD4A50A2D62913D007CCC07 /* UserNotificationSettingsEntity.swift in Sources */ = {isa = PBXBuildFile; fileRef = 9CD4A5092D62913D007CCC07 /* UserNotificationSettingsEntity.swift */; };
		9CD4A50C2D629298007CCC07 /* UserAddressModel.swift in Sources */ = {isa = PBXBuildFile; fileRef = 9CD4A50B2D629298007CCC07 /* UserAddressModel.swift */; };
		9CD4A50E2D6292AD007CCC07 /* UserPhonesModel.swift in Sources */ = {isa = PBXBuildFile; fileRef = 9CD4A50D2D6292AD007CCC07 /* UserPhonesModel.swift */; };
		9CD4A5102D6292C9007CCC07 /* UserSocialMediaModel.swift in Sources */ = {isa = PBXBuildFile; fileRef = 9CD4A50F2D6292C9007CCC07 /* UserSocialMediaModel.swift */; };
		9CD4A5122D6292E4007CCC07 /* UserNotificationSettingsModel.swift in Sources */ = {isa = PBXBuildFile; fileRef = 9CD4A5112D6292E4007CCC07 /* UserNotificationSettingsModel.swift */; };
		9CD4A5142D63469B007CCC07 /* FirestoreUserModel.swift in Sources */ = {isa = PBXBuildFile; fileRef = 9CD4A5132D63469B007CCC07 /* FirestoreUserModel.swift */; };
		9CE0F86D2D5CDC2A00F834A2 /* LoginEntity.swift in Sources */ = {isa = PBXBuildFile; fileRef = 9CE0F86C2D5CDC2A00F834A2 /* LoginEntity.swift */; };
		9CE0F86F2D5CDC3F00F834A2 /* LoginModel.swift in Sources */ = {isa = PBXBuildFile; fileRef = 9CE0F86E2D5CDC3F00F834A2 /* LoginModel.swift */; };
		9CE0F8712D5D463300F834A2 /* LoginRemoteUseCase.swift in Sources */ = {isa = PBXBuildFile; fileRef = 9CE0F8702D5D463300F834A2 /* LoginRemoteUseCase.swift */; };
		9CE0F8732D5D464B00F834A2 /* LoginRemoteUseCaseImpl.swift in Sources */ = {isa = PBXBuildFile; fileRef = 9CE0F8722D5D464B00F834A2 /* LoginRemoteUseCaseImpl.swift */; };
		9CE0F8752D5D479900F834A2 /* LoginRemoteRepository.swift in Sources */ = {isa = PBXBuildFile; fileRef = 9CE0F8742D5D479900F834A2 /* LoginRemoteRepository.swift */; };
		9CE0F8772D5D487E00F834A2 /* LoginRemoteRepositoryImpl.swift in Sources */ = {isa = PBXBuildFile; fileRef = 9CE0F8762D5D487E00F834A2 /* LoginRemoteRepositoryImpl.swift */; };
		9CE0F87A2D5D490700F834A2 /* LoginRemoteDataSource.swift in Sources */ = {isa = PBXBuildFile; fileRef = 9CE0F8792D5D490700F834A2 /* LoginRemoteDataSource.swift */; };
		9CE0F87C2D5D496000F834A2 /* LoginRemoteDataSourceImpl.swift in Sources */ = {isa = PBXBuildFile; fileRef = 9CE0F87B2D5D496000F834A2 /* LoginRemoteDataSourceImpl.swift */; };
/* End PBXBuildFile section */

/* Begin PBXContainerItemProxy section */
		9C475C7B2D52DB2000EAE3C5 /* PBXContainerItemProxy */ = {
			isa = PBXContainerItemProxy;
			containerPortal = 9C475C622D52DB1A00EAE3C5 /* Project object */;
			proxyType = 1;
			remoteGlobalIDString = 9C475C692D52DB1A00EAE3C5;
			remoteInfo = VolunteersiOsApp;
		};
		9C475C852D52DB2000EAE3C5 /* PBXContainerItemProxy */ = {
			isa = PBXContainerItemProxy;
			containerPortal = 9C475C622D52DB1A00EAE3C5 /* Project object */;
			proxyType = 1;
			remoteGlobalIDString = 9C475C692D52DB1A00EAE3C5;
			remoteInfo = VolunteersiOsApp;
		};
/* End PBXContainerItemProxy section */

/* Begin PBXFileReference section */
		9C475C6A2D52DB1A00EAE3C5 /* VolunteersiOsApp.app */ = {isa = PBXFileReference; explicitFileType = wrapper.application; includeInIndex = 0; path = VolunteersiOsApp.app; sourceTree = BUILT_PRODUCTS_DIR; };
		9C475C6D2D52DB1A00EAE3C5 /* VolunteersiOsApp.swift */ = {isa = PBXFileReference; lastKnownFileType = sourcecode.swift; path = VolunteersiOsApp.swift; sourceTree = "<group>"; };
		9C475C6F2D52DB1A00EAE3C5 /* ContentView.swift */ = {isa = PBXFileReference; lastKnownFileType = sourcecode.swift; path = ContentView.swift; sourceTree = "<group>"; };
		9C475C712D52DB1F00EAE3C5 /* Assets.xcassets */ = {isa = PBXFileReference; lastKnownFileType = folder.assetcatalog; path = Assets.xcassets; sourceTree = "<group>"; };
		9C475C742D52DB1F00EAE3C5 /* Preview Assets.xcassets */ = {isa = PBXFileReference; lastKnownFileType = folder.assetcatalog; path = "Preview Assets.xcassets"; sourceTree = "<group>"; };
		9C475C7A2D52DB2000EAE3C5 /* VolunteersiOsAppTests.xctest */ = {isa = PBXFileReference; explicitFileType = wrapper.cfbundle; includeInIndex = 0; path = VolunteersiOsAppTests.xctest; sourceTree = BUILT_PRODUCTS_DIR; };
		9C475C7E2D52DB2000EAE3C5 /* VolunteersiOsAppTests.swift */ = {isa = PBXFileReference; lastKnownFileType = sourcecode.swift; path = VolunteersiOsAppTests.swift; sourceTree = "<group>"; };
		9C475C842D52DB2000EAE3C5 /* VolunteersiOsAppUITests.xctest */ = {isa = PBXFileReference; explicitFileType = wrapper.cfbundle; includeInIndex = 0; path = VolunteersiOsAppUITests.xctest; sourceTree = BUILT_PRODUCTS_DIR; };
		9C475C882D52DB2000EAE3C5 /* VolunteersiOsAppUITests.swift */ = {isa = PBXFileReference; lastKnownFileType = sourcecode.swift; path = VolunteersiOsAppUITests.swift; sourceTree = "<group>"; };
		9C475C8A2D52DB2000EAE3C5 /* VolunteersiOsAppUITestsLaunchTests.swift */ = {isa = PBXFileReference; lastKnownFileType = sourcecode.swift; path = VolunteersiOsAppUITestsLaunchTests.swift; sourceTree = "<group>"; };
		9C475CA22D52E49200EAE3C5 /* AppModule.swift */ = {isa = PBXFileReference; lastKnownFileType = sourcecode.swift; path = AppModule.swift; sourceTree = "<group>"; };
		9C475CA42D52E4D100EAE3C5 /* NetworkModule.swift */ = {isa = PBXFileReference; lastKnownFileType = sourcecode.swift; path = NetworkModule.swift; sourceTree = "<group>"; };
		9C5AF56C2D5E253E00468BEA /* SettingsRemoteUseCaseImpl.swift */ = {isa = PBXFileReference; lastKnownFileType = sourcecode.swift; path = SettingsRemoteUseCaseImpl.swift; sourceTree = "<group>"; };
		9C5AF56E2D5E260D00468BEA /* SettingsEntity.swift */ = {isa = PBXFileReference; lastKnownFileType = sourcecode.swift; path = SettingsEntity.swift; sourceTree = "<group>"; };
		9C5AF5702D5E264600468BEA /* SettingsModel.swift */ = {isa = PBXFileReference; lastKnownFileType = sourcecode.swift; path = SettingsModel.swift; sourceTree = "<group>"; };
		9C5AF5722D5E287200468BEA /* SettingsRemoteRepositoryImpl.swift */ = {isa = PBXFileReference; lastKnownFileType = sourcecode.swift; path = SettingsRemoteRepositoryImpl.swift; sourceTree = "<group>"; };
		9C5AF5752D5E290700468BEA /* SettingsRemoteDataSource.swift */ = {isa = PBXFileReference; lastKnownFileType = sourcecode.swift; path = SettingsRemoteDataSource.swift; sourceTree = "<group>"; };
		9C5AF5802D5E3A9D00468BEA /* FirebaseModule.swift */ = {isa = PBXFileReference; lastKnownFileType = sourcecode.swift; path = FirebaseModule.swift; sourceTree = "<group>"; };
		9C5AF5832D5E7F6D00468BEA /* AppConfig.swift */ = {isa = PBXFileReference; lastKnownFileType = sourcecode.swift; path = AppConfig.swift; sourceTree = "<group>"; };
		9C5AF5872D5FF16400468BEA /* Features.md */ = {isa = PBXFileReference; lastKnownFileType = net.daringfireball.markdown; path = Features.md; sourceTree = "<group>"; };
		9C5AF5892D5FFBFA00468BEA /* README.md */ = {isa = PBXFileReference; fileEncoding = 4; lastKnownFileType = net.daringfireball.markdown; path = README.md; sourceTree = "<group>"; };
		9C5AF58B2D5FFC1400468BEA /* GoogleService-Info.plist */ = {isa = PBXFileReference; fileEncoding = 4; lastKnownFileType = text.plist.xml; path = "GoogleService-Info.plist"; sourceTree = "<group>"; };
		9C5CB9C12D66137900EB3609 /* UserModule.swift */ = {isa = PBXFileReference; lastKnownFileType = sourcecode.swift; path = UserModule.swift; sourceTree = "<group>"; };
		9C5CB9C42D66775300EB3609 /* FirestoreUserAddressModel.swift */ = {isa = PBXFileReference; lastKnownFileType = sourcecode.swift; path = FirestoreUserAddressModel.swift; sourceTree = "<group>"; };
		9C5CB9C62D66777000EB3609 /* FirestoreUserPhonesModel.swift */ = {isa = PBXFileReference; lastKnownFileType = sourcecode.swift; path = FirestoreUserPhonesModel.swift; sourceTree = "<group>"; };
		9C5CB9C82D66779500EB3609 /* FirestoreUserSocialMediaModel.swift */ = {isa = PBXFileReference; lastKnownFileType = sourcecode.swift; path = FirestoreUserSocialMediaModel.swift; sourceTree = "<group>"; };
		9C5CB9CA2D6677C300EB3609 /* FirestoreUserNotificationSettingsModel.swift */ = {isa = PBXFileReference; lastKnownFileType = sourcecode.swift; path = FirestoreUserNotificationSettingsModel.swift; sourceTree = "<group>"; };
		9C5CB9CD2D6678A000EB3609 /* FirestoreUserEntity.swift */ = {isa = PBXFileReference; lastKnownFileType = sourcecode.swift; path = FirestoreUserEntity.swift; sourceTree = "<group>"; };
		9C5CB9CF2D66791900EB3609 /* FirestoreUserAddressEntity.swift */ = {isa = PBXFileReference; lastKnownFileType = sourcecode.swift; path = FirestoreUserAddressEntity.swift; sourceTree = "<group>"; };
		9C5CB9D12D66794B00EB3609 /* FirestoreUserPhonesEntity.swift */ = {isa = PBXFileReference; lastKnownFileType = sourcecode.swift; path = FirestoreUserPhonesEntity.swift; sourceTree = "<group>"; };
		9C5CB9D32D66796600EB3609 /* FirestoreUserSocialMediaEntity.swift */ = {isa = PBXFileReference; lastKnownFileType = sourcecode.swift; path = FirestoreUserSocialMediaEntity.swift; sourceTree = "<group>"; };
		9C5CB9D52D6679CE00EB3609 /* FirestoreUserNotificationSettingsEntity.swift */ = {isa = PBXFileReference; lastKnownFileType = sourcecode.swift; path = FirestoreUserNotificationSettingsEntity.swift; sourceTree = "<group>"; };
		9C60EBBA2D54E51E00080BA7 /* HomeModule.swift */ = {isa = PBXFileReference; fileEncoding = 4; lastKnownFileType = sourcecode.swift; path = HomeModule.swift; sourceTree = "<group>"; };
		9C60EBCD2D54E51E00080BA7 /* HomeState.swift */ = {isa = PBXFileReference; fileEncoding = 4; lastKnownFileType = sourcecode.swift; path = HomeState.swift; sourceTree = "<group>"; };
		9C60EBCE2D54E51E00080BA7 /* HomeView.swift */ = {isa = PBXFileReference; fileEncoding = 4; lastKnownFileType = sourcecode.swift; path = HomeView.swift; sourceTree = "<group>"; };
		9C60EBCF2D54E51E00080BA7 /* HomeViewModel.swift */ = {isa = PBXFileReference; fileEncoding = 4; lastKnownFileType = sourcecode.swift; path = HomeViewModel.swift; sourceTree = "<group>"; };
		9C60EBF62D54E51E00080BA7 /* LoginState.swift */ = {isa = PBXFileReference; fileEncoding = 4; lastKnownFileType = sourcecode.swift; path = LoginState.swift; sourceTree = "<group>"; };
		9C60EBF72D54E51E00080BA7 /* LoginView.swift */ = {isa = PBXFileReference; fileEncoding = 4; lastKnownFileType = sourcecode.swift; path = LoginView.swift; sourceTree = "<group>"; };
		9C60EBF82D54E51E00080BA7 /* LoginViewModel.swift */ = {isa = PBXFileReference; fileEncoding = 4; lastKnownFileType = sourcecode.swift; path = LoginViewModel.swift; sourceTree = "<group>"; };
		9C60EC142D54E51E00080BA7 /* Router.swift */ = {isa = PBXFileReference; fileEncoding = 4; lastKnownFileType = sourcecode.swift; path = Router.swift; sourceTree = "<group>"; };
		9C60EC152D54E51E00080BA7 /* Screens.swift */ = {isa = PBXFileReference; fileEncoding = 4; lastKnownFileType = sourcecode.swift; path = Screens.swift; sourceTree = "<group>"; };
		9C60EC1F2D54E51E00080BA7 /* SettingsState.swift */ = {isa = PBXFileReference; fileEncoding = 4; lastKnownFileType = sourcecode.swift; path = SettingsState.swift; sourceTree = "<group>"; };
		9C60EC202D54E51E00080BA7 /* SettingsView.swift */ = {isa = PBXFileReference; fileEncoding = 4; lastKnownFileType = sourcecode.swift; path = SettingsView.swift; sourceTree = "<group>"; };
		9C60EC212D54E51E00080BA7 /* SettingsViewModel.swift */ = {isa = PBXFileReference; fileEncoding = 4; lastKnownFileType = sourcecode.swift; path = SettingsViewModel.swift; sourceTree = "<group>"; };
		9C60EC232D54E51E00080BA7 /* SplashScreenView.swift */ = {isa = PBXFileReference; fileEncoding = 4; lastKnownFileType = sourcecode.swift; path = SplashScreenView.swift; sourceTree = "<group>"; };
		9C60EC262D54E51E00080BA7 /* AuthManager.swift */ = {isa = PBXFileReference; fileEncoding = 4; lastKnownFileType = sourcecode.swift; path = AuthManager.swift; sourceTree = "<group>"; };
		9C60EC5C2D54E74100080BA7 /* CoreModule.swift */ = {isa = PBXFileReference; lastKnownFileType = sourcecode.swift; path = CoreModule.swift; sourceTree = "<group>"; };
		9C60EC5E2D54E77600080BA7 /* DataModule.swift */ = {isa = PBXFileReference; lastKnownFileType = sourcecode.swift; path = DataModule.swift; sourceTree = "<group>"; };
		9C60EC602D54E7F800080BA7 /* LoginModule.swift */ = {isa = PBXFileReference; lastKnownFileType = sourcecode.swift; path = LoginModule.swift; sourceTree = "<group>"; };
		9C60EC622D54E80900080BA7 /* SettingsModule.swift */ = {isa = PBXFileReference; lastKnownFileType = sourcecode.swift; path = SettingsModule.swift; sourceTree = "<group>"; };
		9C60EC642D54F1C300080BA7 /* SettingsRemoteDataSourceImpl.swift */ = {isa = PBXFileReference; lastKnownFileType = sourcecode.swift; path = SettingsRemoteDataSourceImpl.swift; sourceTree = "<group>"; };
		9C60EC662D54F1E900080BA7 /* SettingsRemoteRepository.swift */ = {isa = PBXFileReference; lastKnownFileType = sourcecode.swift; path = SettingsRemoteRepository.swift; sourceTree = "<group>"; };
		9C60EC682D54F20300080BA7 /* SettingsRemoteUseCase.swift */ = {isa = PBXFileReference; lastKnownFileType = sourcecode.swift; path = SettingsRemoteUseCase.swift; sourceTree = "<group>"; };
		9C60EC6B2D55177200080BA7 /* HomeUseCase.swift */ = {isa = PBXFileReference; lastKnownFileType = sourcecode.swift; path = HomeUseCase.swift; sourceTree = "<group>"; };
		9C60EC6D2D55179C00080BA7 /* HomeRemoteRepository.swift */ = {isa = PBXFileReference; lastKnownFileType = sourcecode.swift; path = HomeRemoteRepository.swift; sourceTree = "<group>"; };
		9C60EC702D55181A00080BA7 /* HomeRemoteDataSource.swift */ = {isa = PBXFileReference; lastKnownFileType = sourcecode.swift; path = HomeRemoteDataSource.swift; sourceTree = "<group>"; };
		9C60EC722D5518FB00080BA7 /* HomeUseCaseImpl.swift */ = {isa = PBXFileReference; lastKnownFileType = sourcecode.swift; path = HomeUseCaseImpl.swift; sourceTree = "<group>"; };
		9C60EC742D55196D00080BA7 /* HomeRemoteRepositoryImpl.swift */ = {isa = PBXFileReference; lastKnownFileType = sourcecode.swift; path = HomeRemoteRepositoryImpl.swift; sourceTree = "<group>"; };
		9C60EC762D551A5800080BA7 /* HomeEntity.swift */ = {isa = PBXFileReference; lastKnownFileType = sourcecode.swift; path = HomeEntity.swift; sourceTree = "<group>"; };
		9C60EC782D551A6D00080BA7 /* HomeModel.swift */ = {isa = PBXFileReference; lastKnownFileType = sourcecode.swift; path = HomeModel.swift; sourceTree = "<group>"; };
		9C60EC7A2D551C8400080BA7 /*  HomeRemoteDataSourceImpl.swift */ = {isa = PBXFileReference; lastKnownFileType = sourcecode.swift; path = " HomeRemoteDataSourceImpl.swift"; sourceTree = "<group>"; };
		9C90D33B2D60DE4E00903BE1 /* LoginErrorView.swift */ = {isa = PBXFileReference; lastKnownFileType = sourcecode.swift; path = LoginErrorView.swift; sourceTree = "<group>"; };
		9C90D33D2D60E2B600903BE1 /* DefaultRetryController.swift */ = {isa = PBXFileReference; lastKnownFileType = sourcecode.swift; path = DefaultRetryController.swift; sourceTree = "<group>"; };
		9C90D33F2D60E3AC00903BE1 /* RetryControllerProtocol.swift */ = {isa = PBXFileReference; lastKnownFileType = sourcecode.swift; path = RetryControllerProtocol.swift; sourceTree = "<group>"; };
		9CD4A4F82D628074007CCC07 /* LoginFirebaseDataSourceImpl.swift */ = {isa = PBXFileReference; lastKnownFileType = sourcecode.swift; path = LoginFirebaseDataSourceImpl.swift; sourceTree = "<group>"; };
		9CD4A4FA2D628CE7007CCC07 /* UserModel.swift */ = {isa = PBXFileReference; lastKnownFileType = sourcecode.swift; path = UserModel.swift; sourceTree = "<group>"; };
		9CD4A5012D628E2A007CCC07 /* UserEntity.swift */ = {isa = PBXFileReference; lastKnownFileType = sourcecode.swift; path = UserEntity.swift; sourceTree = "<group>"; };
		9CD4A5032D629108007CCC07 /* UserAddressEntity.swift */ = {isa = PBXFileReference; lastKnownFileType = sourcecode.swift; path = UserAddressEntity.swift; sourceTree = "<group>"; };
		9CD4A5052D62911A007CCC07 /* UserPhonesEntity.swift */ = {isa = PBXFileReference; lastKnownFileType = sourcecode.swift; path = UserPhonesEntity.swift; sourceTree = "<group>"; };
		9CD4A5072D62912B007CCC07 /* UserSocialMediaEntity.swift */ = {isa = PBXFileReference; lastKnownFileType = sourcecode.swift; path = UserSocialMediaEntity.swift; sourceTree = "<group>"; };
		9CD4A5092D62913D007CCC07 /* UserNotificationSettingsEntity.swift */ = {isa = PBXFileReference; lastKnownFileType = sourcecode.swift; path = UserNotificationSettingsEntity.swift; sourceTree = "<group>"; };
		9CD4A50B2D629298007CCC07 /* UserAddressModel.swift */ = {isa = PBXFileReference; lastKnownFileType = sourcecode.swift; path = UserAddressModel.swift; sourceTree = "<group>"; };
		9CD4A50D2D6292AD007CCC07 /* UserPhonesModel.swift */ = {isa = PBXFileReference; lastKnownFileType = sourcecode.swift; path = UserPhonesModel.swift; sourceTree = "<group>"; };
		9CD4A50F2D6292C9007CCC07 /* UserSocialMediaModel.swift */ = {isa = PBXFileReference; lastKnownFileType = sourcecode.swift; path = UserSocialMediaModel.swift; sourceTree = "<group>"; };
		9CD4A5112D6292E4007CCC07 /* UserNotificationSettingsModel.swift */ = {isa = PBXFileReference; lastKnownFileType = sourcecode.swift; path = UserNotificationSettingsModel.swift; sourceTree = "<group>"; };
		9CD4A5132D63469B007CCC07 /* FirestoreUserModel.swift */ = {isa = PBXFileReference; lastKnownFileType = sourcecode.swift; path = FirestoreUserModel.swift; sourceTree = "<group>"; };
		9CE0F86C2D5CDC2A00F834A2 /* LoginEntity.swift */ = {isa = PBXFileReference; lastKnownFileType = sourcecode.swift; path = LoginEntity.swift; sourceTree = "<group>"; };
		9CE0F86E2D5CDC3F00F834A2 /* LoginModel.swift */ = {isa = PBXFileReference; lastKnownFileType = sourcecode.swift; path = LoginModel.swift; sourceTree = "<group>"; };
		9CE0F8702D5D463300F834A2 /* LoginRemoteUseCase.swift */ = {isa = PBXFileReference; lastKnownFileType = sourcecode.swift; path = LoginRemoteUseCase.swift; sourceTree = "<group>"; };
		9CE0F8722D5D464B00F834A2 /* LoginRemoteUseCaseImpl.swift */ = {isa = PBXFileReference; lastKnownFileType = sourcecode.swift; path = LoginRemoteUseCaseImpl.swift; sourceTree = "<group>"; };
		9CE0F8742D5D479900F834A2 /* LoginRemoteRepository.swift */ = {isa = PBXFileReference; lastKnownFileType = sourcecode.swift; path = LoginRemoteRepository.swift; sourceTree = "<group>"; };
		9CE0F8762D5D487E00F834A2 /* LoginRemoteRepositoryImpl.swift */ = {isa = PBXFileReference; lastKnownFileType = sourcecode.swift; path = LoginRemoteRepositoryImpl.swift; sourceTree = "<group>"; };
		9CE0F8792D5D490700F834A2 /* LoginRemoteDataSource.swift */ = {isa = PBXFileReference; lastKnownFileType = sourcecode.swift; path = LoginRemoteDataSource.swift; sourceTree = "<group>"; };
		9CE0F87B2D5D496000F834A2 /* LoginRemoteDataSourceImpl.swift */ = {isa = PBXFileReference; lastKnownFileType = sourcecode.swift; path = LoginRemoteDataSourceImpl.swift; sourceTree = "<group>"; };
/* End PBXFileReference section */

/* Begin PBXFrameworksBuildPhase section */
		9C475C672D52DB1A00EAE3C5 /* Frameworks */ = {
			isa = PBXFrameworksBuildPhase;
			buildActionMask = 2147483647;
			files = (
				9C6204742D53E50C0068BAAB /* Swinject in Frameworks */,
				9C6204762D53E5120068BAAB /* Alamofire in Frameworks */,
				9C5AF57D2D5E38B100468BEA /* FirebaseCrashlytics in Frameworks */,
				9C5AF5792D5E38B100468BEA /* FirebaseAnalytics in Frameworks */,
				9C5AF57B2D5E38B100468BEA /* FirebaseAuth in Frameworks */,
				9C5AF57F2D5E38B100468BEA /* FirebaseFirestore in Frameworks */,
			);
			runOnlyForDeploymentPostprocessing = 0;
		};
		9C475C772D52DB2000EAE3C5 /* Frameworks */ = {
			isa = PBXFrameworksBuildPhase;
			buildActionMask = 2147483647;
			files = (
			);
			runOnlyForDeploymentPostprocessing = 0;
		};
		9C475C812D52DB2000EAE3C5 /* Frameworks */ = {
			isa = PBXFrameworksBuildPhase;
			buildActionMask = 2147483647;
			files = (
			);
			runOnlyForDeploymentPostprocessing = 0;
		};
/* End PBXFrameworksBuildPhase section */

/* Begin PBXGroup section */
		9C475C612D52DB1A00EAE3C5 = {
			isa = PBXGroup;
			children = (
				9C5AF5892D5FFBFA00468BEA /* README.md */,
				9C5AF5872D5FF16400468BEA /* Features.md */,
				9C475C6C2D52DB1A00EAE3C5 /* VolunteersiOsApp */,
				9C475C7D2D52DB2000EAE3C5 /* VolunteersiOsAppTests */,
				9C475C872D52DB2000EAE3C5 /* VolunteersiOsAppUITests */,
				9C475C6B2D52DB1A00EAE3C5 /* Products */,
				9C6204722D53E50C0068BAAB /* Frameworks */,
			);
			sourceTree = "<group>";
		};
		9C475C6B2D52DB1A00EAE3C5 /* Products */ = {
			isa = PBXGroup;
			children = (
				9C475C6A2D52DB1A00EAE3C5 /* VolunteersiOsApp.app */,
				9C475C7A2D52DB2000EAE3C5 /* VolunteersiOsAppTests.xctest */,
				9C475C842D52DB2000EAE3C5 /* VolunteersiOsAppUITests.xctest */,
			);
			name = Products;
			sourceTree = "<group>";
		};
		9C475C6C2D52DB1A00EAE3C5 /* VolunteersiOsApp */ = {
			isa = PBXGroup;
			children = (
				9C5AF58B2D5FFC1400468BEA /* GoogleService-Info.plist */,
				9C475C9F2D52E3F300EAE3C5 /* Core */,
				9C60EC292D54E51E00080BA7 /* features */,
				9C475C6D2D52DB1A00EAE3C5 /* VolunteersiOsApp.swift */,
				9C475C6F2D52DB1A00EAE3C5 /* ContentView.swift */,
				9C475C712D52DB1F00EAE3C5 /* Assets.xcassets */,
				9C475C732D52DB1F00EAE3C5 /* Preview Content */,
			);
			path = VolunteersiOsApp;
			sourceTree = "<group>";
		};
		9C475C732D52DB1F00EAE3C5 /* Preview Content */ = {
			isa = PBXGroup;
			children = (
				9C475C742D52DB1F00EAE3C5 /* Preview Assets.xcassets */,
			);
			path = "Preview Content";
			sourceTree = "<group>";
		};
		9C475C7D2D52DB2000EAE3C5 /* VolunteersiOsAppTests */ = {
			isa = PBXGroup;
			children = (
				9C475C7E2D52DB2000EAE3C5 /* VolunteersiOsAppTests.swift */,
			);
			path = VolunteersiOsAppTests;
			sourceTree = "<group>";
		};
		9C475C872D52DB2000EAE3C5 /* VolunteersiOsAppUITests */ = {
			isa = PBXGroup;
			children = (
				9C475C882D52DB2000EAE3C5 /* VolunteersiOsAppUITests.swift */,
				9C475C8A2D52DB2000EAE3C5 /* VolunteersiOsAppUITestsLaunchTests.swift */,
			);
			path = VolunteersiOsAppUITests;
			sourceTree = "<group>";
		};
		9C475C9F2D52E3F300EAE3C5 /* Core */ = {
			isa = PBXGroup;
			children = (
				9C475CA12D52E41A00EAE3C5 /* DI */,
				9C60EC162D54E51E00080BA7 /* Navigation */,
				9C5AF5822D5E73F700468BEA /* Helpers */,
			);
			path = Core;
			sourceTree = "<group>";
		};
		9C475CA12D52E41A00EAE3C5 /* DI */ = {
			isa = PBXGroup;
			children = (
				9C475CA22D52E49200EAE3C5 /* AppModule.swift */,
				9C475CA42D52E4D100EAE3C5 /* NetworkModule.swift */,
				9C60EC5C2D54E74100080BA7 /* CoreModule.swift */,
				9C60EC5E2D54E77600080BA7 /* DataModule.swift */,
				9C5AF5802D5E3A9D00468BEA /* FirebaseModule.swift */,
			);
			path = DI;
			sourceTree = "<group>";
		};
		9C5AF5742D5E28DF00468BEA /* DataSources */ = {
			isa = PBXGroup;
			children = (
				9C5AF5752D5E290700468BEA /* SettingsRemoteDataSource.swift */,
			);
			path = DataSources;
			sourceTree = "<group>";
		};
		9C5AF5822D5E73F700468BEA /* Helpers */ = {
			isa = PBXGroup;
			children = (
				9C5AF5832D5E7F6D00468BEA /* AppConfig.swift */,
				9C90D33D2D60E2B600903BE1 /* DefaultRetryController.swift */,
				9C90D33F2D60E3AC00903BE1 /* RetryControllerProtocol.swift */,
			);
			path = Helpers;
			sourceTree = "<group>";
		};
		9C5CB9B62D6611A800EB3609 /* User */ = {
			isa = PBXGroup;
			children = (
				9CD4A4FD2D628D5C007CCC07 /* Data */,
				9CD4A5002D628DAD007CCC07 /* Domain */,
				9C5CB9B92D6611FA00EB3609 /* Presentation */,
				9C5CB9BA2D66127300EB3609 /* DI */,
			);
			path = User;
			sourceTree = "<group>";
		};
		9C5CB9B92D6611FA00EB3609 /* Presentation */ = {
			isa = PBXGroup;
			children = (
			);
			path = Presentation;
			sourceTree = "<group>";
		};
		9C5CB9BA2D66127300EB3609 /* DI */ = {
			isa = PBXGroup;
			children = (
				9C5CB9C12D66137900EB3609 /* UserModule.swift */,
			);
			path = DI;
			sourceTree = "<group>";
		};
		9C5CB9BB2D66129700EB3609 /* DataSources */ = {
			isa = PBXGroup;
			children = (
			);
			path = DataSources;
			sourceTree = "<group>";
		};
		9C5CB9BC2D6612A700EB3609 /* Repositories */ = {
			isa = PBXGroup;
			children = (
			);
			path = Repositories;
			sourceTree = "<group>";
		};
		9C5CB9BD2D6612C300EB3609 /* UseCases */ = {
			isa = PBXGroup;
			children = (
			);
			path = UseCases;
			sourceTree = "<group>";
		};
		9C5CB9BE2D6612F700EB3609 /* DataSources */ = {
			isa = PBXGroup;
			children = (
			);
			path = DataSources;
			sourceTree = "<group>";
		};
		9C5CB9BF2D66130200EB3609 /* Repositories */ = {
			isa = PBXGroup;
			children = (
			);
			path = Repositories;
			sourceTree = "<group>";
		};
		9C5CB9C02D66132800EB3609 /* Persistence */ = {
			isa = PBXGroup;
			children = (
			);
			path = Persistence;
			sourceTree = "<group>";
		};
		9C5CB9C32D66771200EB3609 /* Firebase */ = {
			isa = PBXGroup;
			children = (
				9CD4A5132D63469B007CCC07 /* FirestoreUserModel.swift */,
				9C5CB9C42D66775300EB3609 /* FirestoreUserAddressModel.swift */,
				9C5CB9C62D66777000EB3609 /* FirestoreUserPhonesModel.swift */,
				9C5CB9C82D66779500EB3609 /* FirestoreUserSocialMediaModel.swift */,
				9C5CB9CA2D6677C300EB3609 /* FirestoreUserNotificationSettingsModel.swift */,
			);
			path = Firebase;
			sourceTree = "<group>";
		};
		9C5CB9CC2D66788F00EB3609 /* Firestore */ = {
			isa = PBXGroup;
			children = (
				9C5CB9CD2D6678A000EB3609 /* FirestoreUserEntity.swift */,
				9C5CB9CF2D66791900EB3609 /* FirestoreUserAddressEntity.swift */,
				9C5CB9D12D66794B00EB3609 /* FirestoreUserPhonesEntity.swift */,
				9C5CB9D32D66796600EB3609 /* FirestoreUserSocialMediaEntity.swift */,
				9C5CB9D52D6679CE00EB3609 /* FirestoreUserNotificationSettingsEntity.swift */,
			);
			path = Firestore;
			sourceTree = "<group>";
		};
		9C5CB9D72D667A2700EB3609 /* ApiRest */ = {
			isa = PBXGroup;
			children = (
				9CD4A5012D628E2A007CCC07 /* UserEntity.swift */,
				9CD4A5032D629108007CCC07 /* UserAddressEntity.swift */,
				9CD4A5052D62911A007CCC07 /* UserPhonesEntity.swift */,
				9CD4A5072D62912B007CCC07 /* UserSocialMediaEntity.swift */,
				9CD4A5092D62913D007CCC07 /* UserNotificationSettingsEntity.swift */,
			);
			path = ApiRest;
			sourceTree = "<group>";
		};
		9C5CB9D82D667A6200EB3609 /* ApiRest */ = {
			isa = PBXGroup;
			children = (
				9CD4A4FA2D628CE7007CCC07 /* UserModel.swift */,
				9CD4A50B2D629298007CCC07 /* UserAddressModel.swift */,
				9CD4A50D2D6292AD007CCC07 /* UserPhonesModel.swift */,
				9CD4A50F2D6292C9007CCC07 /* UserSocialMediaModel.swift */,
				9CD4A5112D6292E4007CCC07 /* UserNotificationSettingsModel.swift */,
			);
			path = ApiRest;
			sourceTree = "<group>";
		};
		9C60EBB92D54E51E00080BA7 /* DataSources */ = {
			isa = PBXGroup;
			children = (
				9C60EC7A2D551C8400080BA7 /*  HomeRemoteDataSourceImpl.swift */,
			);
			path = DataSources;
			sourceTree = "<group>";
		};
		9C60EBBC2D54E51E00080BA7 /* Models */ = {
			isa = PBXGroup;
			children = (
				9C60EC782D551A6D00080BA7 /* HomeModel.swift */,
			);
			path = Models;
			sourceTree = "<group>";
		};
		9C60EBBD2D54E51E00080BA7 /* Persistence */ = {
			isa = PBXGroup;
			children = (
			);
			path = Persistence;
			sourceTree = "<group>";
		};
		9C60EBBE2D54E51E00080BA7 /* Repositories */ = {
			isa = PBXGroup;
			children = (
				9C60EC742D55196D00080BA7 /* HomeRemoteRepositoryImpl.swift */,
			);
			path = Repositories;
			sourceTree = "<group>";
		};
		9C60EBBF2D54E51E00080BA7 /* Data */ = {
			isa = PBXGroup;
			children = (
				9C60EBB92D54E51E00080BA7 /* DataSources */,
				9C60EBBC2D54E51E00080BA7 /* Models */,
				9C60EBBD2D54E51E00080BA7 /* Persistence */,
				9C60EBBE2D54E51E00080BA7 /* Repositories */,
			);
			path = Data;
			sourceTree = "<group>";
		};
		9C60EBC02D54E51E00080BA7 /* DI */ = {
			isa = PBXGroup;
			children = (
				9C60EBBA2D54E51E00080BA7 /* HomeModule.swift */,
			);
			path = DI;
			sourceTree = "<group>";
		};
		9C60EBC32D54E51E00080BA7 /* Entities */ = {
			isa = PBXGroup;
			children = (
				9C60EC762D551A5800080BA7 /* HomeEntity.swift */,
			);
			path = Entities;
			sourceTree = "<group>";
		};
		9C60EBC42D54E51E00080BA7 /* Repositories */ = {
			isa = PBXGroup;
			children = (
				9C60EC6D2D55179C00080BA7 /* HomeRemoteRepository.swift */,
			);
			path = Repositories;
			sourceTree = "<group>";
		};
		9C60EBC52D54E51E00080BA7 /* UseCases */ = {
			isa = PBXGroup;
			children = (
				9C60EC6B2D55177200080BA7 /* HomeUseCase.swift */,
				9C60EC722D5518FB00080BA7 /* HomeUseCaseImpl.swift */,
			);
			path = UseCases;
			sourceTree = "<group>";
		};
		9C60EBC62D54E51E00080BA7 /* Domain */ = {
			isa = PBXGroup;
			children = (
				9C60EBC32D54E51E00080BA7 /* Entities */,
				9C60EBC42D54E51E00080BA7 /* Repositories */,
				9C60EC6F2D5517C300080BA7 /* DataSources */,
				9C60EBC52D54E51E00080BA7 /* UseCases */,
			);
			path = Domain;
			sourceTree = "<group>";
		};
		9C60EBC72D54E51E00080BA7 /* Components */ = {
			isa = PBXGroup;
			children = (
			);
			path = Components;
			sourceTree = "<group>";
		};
		9C60EBDA2D54E51E00080BA7 /* Screens */ = {
			isa = PBXGroup;
			children = (
				9C60EBCD2D54E51E00080BA7 /* HomeState.swift */,
				9C60EBCE2D54E51E00080BA7 /* HomeView.swift */,
				9C60EBCF2D54E51E00080BA7 /* HomeViewModel.swift */,
			);
			path = Screens;
			sourceTree = "<group>";
		};
		9C60EBDB2D54E51E00080BA7 /* Themes */ = {
			isa = PBXGroup;
			children = (
			);
			path = Themes;
			sourceTree = "<group>";
		};
		9C60EBDD2D54E51E00080BA7 /* Presentation */ = {
			isa = PBXGroup;
			children = (
				9C60EBC72D54E51E00080BA7 /* Components */,
				9C60EBDA2D54E51E00080BA7 /* Screens */,
				9C60EBDB2D54E51E00080BA7 /* Themes */,
			);
			path = Presentation;
			sourceTree = "<group>";
		};
		9C60EBDE2D54E51E00080BA7 /* Home */ = {
			isa = PBXGroup;
			children = (
				9C60EBBF2D54E51E00080BA7 /* Data */,
				9C60EBC62D54E51E00080BA7 /* Domain */,
				9C60EBDD2D54E51E00080BA7 /* Presentation */,
				9C60EBC02D54E51E00080BA7 /* DI */,
			);
			path = Home;
			sourceTree = "<group>";
		};
		9C60EBDF2D54E51E00080BA7 /* DataSources */ = {
			isa = PBXGroup;
			children = (
				9CE0F87B2D5D496000F834A2 /* LoginRemoteDataSourceImpl.swift */,
				9CD4A4F82D628074007CCC07 /* LoginFirebaseDataSourceImpl.swift */,
			);
			path = DataSources;
			sourceTree = "<group>";
		};
		9C60EBE22D54E51E00080BA7 /* Models */ = {
			isa = PBXGroup;
			children = (
				9CE0F86E2D5CDC3F00F834A2 /* LoginModel.swift */,
			);
			path = Models;
			sourceTree = "<group>";
		};
		9C60EBE32D54E51E00080BA7 /* Persistence */ = {
			isa = PBXGroup;
			children = (
			);
			path = Persistence;
			sourceTree = "<group>";
		};
		9C60EBE42D54E51E00080BA7 /* Repositories */ = {
			isa = PBXGroup;
			children = (
				9CE0F8762D5D487E00F834A2 /* LoginRemoteRepositoryImpl.swift */,
			);
			path = Repositories;
			sourceTree = "<group>";
		};
		9C60EBE52D54E51E00080BA7 /* Data */ = {
			isa = PBXGroup;
			children = (
				9C60EBDF2D54E51E00080BA7 /* DataSources */,
				9C60EBE22D54E51E00080BA7 /* Models */,
				9C60EBE32D54E51E00080BA7 /* Persistence */,
				9C60EBE42D54E51E00080BA7 /* Repositories */,
			);
			path = Data;
			sourceTree = "<group>";
		};
		9C60EBE82D54E51E00080BA7 /* Entities */ = {
			isa = PBXGroup;
			children = (
				9CE0F86C2D5CDC2A00F834A2 /* LoginEntity.swift */,
			);
			path = Entities;
			sourceTree = "<group>";
		};
		9C60EBE92D54E51E00080BA7 /* Repositories */ = {
			isa = PBXGroup;
			children = (
				9CE0F8742D5D479900F834A2 /* LoginRemoteRepository.swift */,
			);
			path = Repositories;
			sourceTree = "<group>";
		};
		9C60EBEA2D54E51E00080BA7 /* UseCases */ = {
			isa = PBXGroup;
			children = (
				9CE0F8702D5D463300F834A2 /* LoginRemoteUseCase.swift */,
				9CE0F8722D5D464B00F834A2 /* LoginRemoteUseCaseImpl.swift */,
			);
			path = UseCases;
			sourceTree = "<group>";
		};
		9C60EBEB2D54E51E00080BA7 /* Domain */ = {
			isa = PBXGroup;
			children = (
				9C60EBE82D54E51E00080BA7 /* Entities */,
				9CE0F8782D5D48E300F834A2 /* DataSources */,
				9C60EBE92D54E51E00080BA7 /* Repositories */,
				9C60EBEA2D54E51E00080BA7 /* UseCases */,
			);
			path = Domain;
			sourceTree = "<group>";
		};
		9C60EBEC2D54E51E00080BA7 /* Components */ = {
			isa = PBXGroup;
			children = (
			);
			path = Components;
			sourceTree = "<group>";
		};
		9C60EBFF2D54E51E00080BA7 /* Screens */ = {
			isa = PBXGroup;
			children = (
				9C60EBF62D54E51E00080BA7 /* LoginState.swift */,
				9C60EBF72D54E51E00080BA7 /* LoginView.swift */,
				9C60EBF82D54E51E00080BA7 /* LoginViewModel.swift */,
				9C90D33B2D60DE4E00903BE1 /* LoginErrorView.swift */,
			);
			path = Screens;
			sourceTree = "<group>";
		};
		9C60EC002D54E51E00080BA7 /* Themes */ = {
			isa = PBXGroup;
			children = (
			);
			path = Themes;
			sourceTree = "<group>";
		};
		9C60EC022D54E51E00080BA7 /* Presentation */ = {
			isa = PBXGroup;
			children = (
				9C60EC262D54E51E00080BA7 /* AuthManager.swift */,
				9C60EBEC2D54E51E00080BA7 /* Components */,
				9C60EBFF2D54E51E00080BA7 /* Screens */,
				9C60EC002D54E51E00080BA7 /* Themes */,
			);
			path = Presentation;
			sourceTree = "<group>";
		};
		9C60EC032D54E51E00080BA7 /* Login */ = {
			isa = PBXGroup;
			children = (
				9C60EBE52D54E51E00080BA7 /* Data */,
				9C60EBEB2D54E51E00080BA7 /* Domain */,
				9C60EC022D54E51E00080BA7 /* Presentation */,
				9C60EC5A2D54E53D00080BA7 /* DI */,
			);
			path = Login;
			sourceTree = "<group>";
		};
		9C60EC042D54E51E00080BA7 /* DataSources */ = {
			isa = PBXGroup;
			children = (
				9C60EC642D54F1C300080BA7 /* SettingsRemoteDataSourceImpl.swift */,
			);
			path = DataSources;
			sourceTree = "<group>";
		};
		9C60EC072D54E51E00080BA7 /* Models */ = {
			isa = PBXGroup;
			children = (
				9C5AF5702D5E264600468BEA /* SettingsModel.swift */,
			);
			path = Models;
			sourceTree = "<group>";
		};
		9C60EC082D54E51E00080BA7 /* Persistence */ = {
			isa = PBXGroup;
			children = (
			);
			path = Persistence;
			sourceTree = "<group>";
		};
		9C60EC092D54E51E00080BA7 /* Repositories */ = {
			isa = PBXGroup;
			children = (
				9C5AF5722D5E287200468BEA /* SettingsRemoteRepositoryImpl.swift */,
			);
			path = Repositories;
			sourceTree = "<group>";
		};
		9C60EC0A2D54E51E00080BA7 /* Data */ = {
			isa = PBXGroup;
			children = (
				9C60EC042D54E51E00080BA7 /* DataSources */,
				9C60EC072D54E51E00080BA7 /* Models */,
				9C60EC082D54E51E00080BA7 /* Persistence */,
				9C60EC092D54E51E00080BA7 /* Repositories */,
			);
			path = Data;
			sourceTree = "<group>";
		};
		9C60EC0D2D54E51E00080BA7 /* Entities */ = {
			isa = PBXGroup;
			children = (
				9C5AF56E2D5E260D00468BEA /* SettingsEntity.swift */,
			);
			path = Entities;
			sourceTree = "<group>";
		};
		9C60EC0E2D54E51E00080BA7 /* Repositories */ = {
			isa = PBXGroup;
			children = (
				9C60EC662D54F1E900080BA7 /* SettingsRemoteRepository.swift */,
			);
			path = Repositories;
			sourceTree = "<group>";
		};
		9C60EC0F2D54E51E00080BA7 /* UseCases */ = {
			isa = PBXGroup;
			children = (
				9C60EC682D54F20300080BA7 /* SettingsRemoteUseCase.swift */,
				9C5AF56C2D5E253E00468BEA /* SettingsRemoteUseCaseImpl.swift */,
			);
			path = UseCases;
			sourceTree = "<group>";
		};
		9C60EC102D54E51E00080BA7 /* Domain */ = {
			isa = PBXGroup;
			children = (
				9C60EC0D2D54E51E00080BA7 /* Entities */,
				9C5AF5742D5E28DF00468BEA /* DataSources */,
				9C60EC0E2D54E51E00080BA7 /* Repositories */,
				9C60EC0F2D54E51E00080BA7 /* UseCases */,
			);
			path = Domain;
			sourceTree = "<group>";
		};
		9C60EC112D54E51E00080BA7 /* Components */ = {
			isa = PBXGroup;
			children = (
			);
			path = Components;
			sourceTree = "<group>";
		};
		9C60EC162D54E51E00080BA7 /* Navigation */ = {
			isa = PBXGroup;
			children = (
				9C60EC142D54E51E00080BA7 /* Router.swift */,
				9C60EC152D54E51E00080BA7 /* Screens.swift */,
			);
			path = Navigation;
			sourceTree = "<group>";
		};
		9C60EC242D54E51E00080BA7 /* Screens */ = {
			isa = PBXGroup;
			children = (
				9C60EC1F2D54E51E00080BA7 /* SettingsState.swift */,
				9C60EC202D54E51E00080BA7 /* SettingsView.swift */,
				9C60EC212D54E51E00080BA7 /* SettingsViewModel.swift */,
			);
			path = Screens;
			sourceTree = "<group>";
		};
		9C60EC252D54E51E00080BA7 /* Themes */ = {
			isa = PBXGroup;
			children = (
			);
			path = Themes;
			sourceTree = "<group>";
		};
		9C60EC272D54E51E00080BA7 /* Presentation */ = {
			isa = PBXGroup;
			children = (
				9C60EC112D54E51E00080BA7 /* Components */,
				9C60EC242D54E51E00080BA7 /* Screens */,
				9C60EC252D54E51E00080BA7 /* Themes */,
			);
			path = Presentation;
			sourceTree = "<group>";
		};
		9C60EC282D54E51E00080BA7 /* Settings */ = {
			isa = PBXGroup;
			children = (
				9C60EC0A2D54E51E00080BA7 /* Data */,
				9C60EC102D54E51E00080BA7 /* Domain */,
				9C60EC272D54E51E00080BA7 /* Presentation */,
				9C60EC5B2D54E54900080BA7 /* DI */,
			);
			path = Settings;
			sourceTree = "<group>";
		};
		9C60EC292D54E51E00080BA7 /* features */ = {
			isa = PBXGroup;
			children = (
				9CD4A4FC2D628D41007CCC07 /* Common */,
				9C60EC6A2D54F31200080BA7 /* Splash */,
				9C60EBDE2D54E51E00080BA7 /* Home */,
				9C60EC032D54E51E00080BA7 /* Login */,
				9C5CB9B62D6611A800EB3609 /* User */,
				9C60EC282D54E51E00080BA7 /* Settings */,
			);
			name = features;
			path = VolunteersiOsApp/features;
			sourceTree = SOURCE_ROOT;
		};
		9C60EC5A2D54E53D00080BA7 /* DI */ = {
			isa = PBXGroup;
			children = (
				9C60EC602D54E7F800080BA7 /* LoginModule.swift */,
			);
			path = DI;
			sourceTree = "<group>";
		};
		9C60EC5B2D54E54900080BA7 /* DI */ = {
			isa = PBXGroup;
			children = (
				9C60EC622D54E80900080BA7 /* SettingsModule.swift */,
			);
			path = DI;
			sourceTree = "<group>";
		};
		9C60EC6A2D54F31200080BA7 /* Splash */ = {
			isa = PBXGroup;
			children = (
				9C60EC232D54E51E00080BA7 /* SplashScreenView.swift */,
			);
			path = Splash;
			sourceTree = "<group>";
		};
		9C60EC6F2D5517C300080BA7 /* DataSources */ = {
			isa = PBXGroup;
			children = (
				9C60EC702D55181A00080BA7 /* HomeRemoteDataSource.swift */,
			);
			path = DataSources;
			sourceTree = "<group>";
		};
		9C6204722D53E50C0068BAAB /* Frameworks */ = {
			isa = PBXGroup;
			children = (
			);
			name = Frameworks;
			sourceTree = "<group>";
		};
		9CD4A4FC2D628D41007CCC07 /* Common */ = {
			isa = PBXGroup;
			children = (
			);
			path = Common;
			sourceTree = "<group>";
		};
		9CD4A4FD2D628D5C007CCC07 /* Data */ = {
			isa = PBXGroup;
			children = (
				9C5CB9BE2D6612F700EB3609 /* DataSources */,
				9CD4A4FE2D628D7E007CCC07 /* Models */,
				9C5CB9C02D66132800EB3609 /* Persistence */,
				9C5CB9BF2D66130200EB3609 /* Repositories */,
			);
			path = Data;
			sourceTree = "<group>";
		};
		9CD4A4FE2D628D7E007CCC07 /* Models */ = {
			isa = PBXGroup;
			children = (
				9C5CB9D82D667A6200EB3609 /* ApiRest */,
				9C5CB9C32D66771200EB3609 /* Firebase */,
			);
			path = Models;
			sourceTree = "<group>";
		};
		9CD4A4FF2D628D96007CCC07 /* Entity */ = {
			isa = PBXGroup;
			children = (
				9C5CB9D72D667A2700EB3609 /* ApiRest */,
				9C5CB9CC2D66788F00EB3609 /* Firestore */,
			);
			path = Entity;
			sourceTree = "<group>";
		};
		9CD4A5002D628DAD007CCC07 /* Domain */ = {
			isa = PBXGroup;
			children = (
				9CD4A4FF2D628D96007CCC07 /* Entity */,
				9C5CB9BB2D66129700EB3609 /* DataSources */,
				9C5CB9BC2D6612A700EB3609 /* Repositories */,
				9C5CB9BD2D6612C300EB3609 /* UseCases */,
			);
			path = Domain;
			sourceTree = "<group>";
		};
		9CE0F8782D5D48E300F834A2 /* DataSources */ = {
			isa = PBXGroup;
			children = (
				9CE0F8792D5D490700F834A2 /* LoginRemoteDataSource.swift */,
			);
			path = DataSources;
			sourceTree = "<group>";
		};
/* End PBXGroup section */

/* Begin PBXNativeTarget section */
		9C475C692D52DB1A00EAE3C5 /* VolunteersiOsApp */ = {
			isa = PBXNativeTarget;
			buildConfigurationList = 9C475C8E2D52DB2000EAE3C5 /* Build configuration list for PBXNativeTarget "VolunteersiOsApp" */;
			buildPhases = (
				9C475C662D52DB1A00EAE3C5 /* Sources */,
				9C475C672D52DB1A00EAE3C5 /* Frameworks */,
				9C475C682D52DB1A00EAE3C5 /* Resources */,
			);
			buildRules = (
			);
			dependencies = (
			);
			name = VolunteersiOsApp;
			packageProductDependencies = (
				9C6204732D53E50C0068BAAB /* Swinject */,
				9C6204752D53E5120068BAAB /* Alamofire */,
				9C5AF5782D5E38B100468BEA /* FirebaseAnalytics */,
				9C5AF57A2D5E38B100468BEA /* FirebaseAuth */,
				9C5AF57C2D5E38B100468BEA /* FirebaseCrashlytics */,
				9C5AF57E2D5E38B100468BEA /* FirebaseFirestore */,
			);
			productName = VolunteersiOsApp;
			productReference = 9C475C6A2D52DB1A00EAE3C5 /* VolunteersiOsApp.app */;
			productType = "com.apple.product-type.application";
		};
		9C475C792D52DB2000EAE3C5 /* VolunteersiOsAppTests */ = {
			isa = PBXNativeTarget;
			buildConfigurationList = 9C475C912D52DB2000EAE3C5 /* Build configuration list for PBXNativeTarget "VolunteersiOsAppTests" */;
			buildPhases = (
				9C475C762D52DB2000EAE3C5 /* Sources */,
				9C475C772D52DB2000EAE3C5 /* Frameworks */,
				9C475C782D52DB2000EAE3C5 /* Resources */,
			);
			buildRules = (
			);
			dependencies = (
				9C475C7C2D52DB2000EAE3C5 /* PBXTargetDependency */,
			);
			name = VolunteersiOsAppTests;
			productName = VolunteersiOsAppTests;
			productReference = 9C475C7A2D52DB2000EAE3C5 /* VolunteersiOsAppTests.xctest */;
			productType = "com.apple.product-type.bundle.unit-test";
		};
		9C475C832D52DB2000EAE3C5 /* VolunteersiOsAppUITests */ = {
			isa = PBXNativeTarget;
			buildConfigurationList = 9C475C942D52DB2000EAE3C5 /* Build configuration list for PBXNativeTarget "VolunteersiOsAppUITests" */;
			buildPhases = (
				9C475C802D52DB2000EAE3C5 /* Sources */,
				9C475C812D52DB2000EAE3C5 /* Frameworks */,
				9C475C822D52DB2000EAE3C5 /* Resources */,
			);
			buildRules = (
			);
			dependencies = (
				9C475C862D52DB2000EAE3C5 /* PBXTargetDependency */,
			);
			name = VolunteersiOsAppUITests;
			productName = VolunteersiOsAppUITests;
			productReference = 9C475C842D52DB2000EAE3C5 /* VolunteersiOsAppUITests.xctest */;
			productType = "com.apple.product-type.bundle.ui-testing";
		};
/* End PBXNativeTarget section */

/* Begin PBXProject section */
		9C475C622D52DB1A00EAE3C5 /* Project object */ = {
			isa = PBXProject;
			attributes = {
				BuildIndependentTargetsInParallel = 1;
				LastSwiftUpdateCheck = 1540;
				LastUpgradeCheck = 1540;
				TargetAttributes = {
					9C475C692D52DB1A00EAE3C5 = {
						CreatedOnToolsVersion = 15.4;
					};
					9C475C792D52DB2000EAE3C5 = {
						CreatedOnToolsVersion = 15.4;
						TestTargetID = 9C475C692D52DB1A00EAE3C5;
					};
					9C475C832D52DB2000EAE3C5 = {
						CreatedOnToolsVersion = 15.4;
						TestTargetID = 9C475C692D52DB1A00EAE3C5;
					};
				};
			};
			buildConfigurationList = 9C475C652D52DB1A00EAE3C5 /* Build configuration list for PBXProject "VolunteersiOsApp" */;
			compatibilityVersion = "Xcode 14.0";
			developmentRegion = en;
			hasScannedForEncodings = 0;
			knownRegions = (
				en,
				Base,
			);
			mainGroup = 9C475C612D52DB1A00EAE3C5;
			packageReferences = (
				9C6204702D53E4AE0068BAAB /* XCRemoteSwiftPackageReference "Swinject" */,
				9C6204712D53E4D70068BAAB /* XCRemoteSwiftPackageReference "Alamofire" */,
				9C5AF5772D5E38B100468BEA /* XCRemoteSwiftPackageReference "firebase-ios-sdk" */,
			);
			productRefGroup = 9C475C6B2D52DB1A00EAE3C5 /* Products */;
			projectDirPath = "";
			projectRoot = "";
			targets = (
				9C475C692D52DB1A00EAE3C5 /* VolunteersiOsApp */,
				9C475C792D52DB2000EAE3C5 /* VolunteersiOsAppTests */,
				9C475C832D52DB2000EAE3C5 /* VolunteersiOsAppUITests */,
			);
		};
/* End PBXProject section */

/* Begin PBXResourcesBuildPhase section */
		9C475C682D52DB1A00EAE3C5 /* Resources */ = {
			isa = PBXResourcesBuildPhase;
			buildActionMask = 2147483647;
			files = (
				9C475C752D52DB1F00EAE3C5 /* Preview Assets.xcassets in Resources */,
				9C5AF5882D5FF16400468BEA /* Features.md in Resources */,
				9C5AF58C2D5FFC1400468BEA /* GoogleService-Info.plist in Resources */,
				9C5AF58A2D5FFBFA00468BEA /* README.md in Resources */,
				9C475C722D52DB1F00EAE3C5 /* Assets.xcassets in Resources */,
			);
			runOnlyForDeploymentPostprocessing = 0;
		};
		9C475C782D52DB2000EAE3C5 /* Resources */ = {
			isa = PBXResourcesBuildPhase;
			buildActionMask = 2147483647;
			files = (
			);
			runOnlyForDeploymentPostprocessing = 0;
		};
		9C475C822D52DB2000EAE3C5 /* Resources */ = {
			isa = PBXResourcesBuildPhase;
			buildActionMask = 2147483647;
			files = (
			);
			runOnlyForDeploymentPostprocessing = 0;
		};
/* End PBXResourcesBuildPhase section */

/* Begin PBXSourcesBuildPhase section */
		9C475C662D52DB1A00EAE3C5 /* Sources */ = {
			isa = PBXSourcesBuildPhase;
			buildActionMask = 2147483647;
			files = (
				9C5CB9C52D66775300EB3609 /* FirestoreUserAddressModel.swift in Sources */,
				9C60EC592D54E51E00080BA7 /* AuthManager.swift in Sources */,
				9C60EC692D54F20300080BA7 /* SettingsRemoteUseCase.swift in Sources */,
				9C5CB9D62D6679CE00EB3609 /* FirestoreUserNotificationSettingsEntity.swift in Sources */,
				9C60EC302D54E51E00080BA7 /* HomeView.swift in Sources */,
				9C5CB9CE2D6678A100EB3609 /* FirestoreUserEntity.swift in Sources */,
				9C60EC572D54E51E00080BA7 /* SettingsViewModel.swift in Sources */,
				9C5CB9C72D66777000EB3609 /* FirestoreUserPhonesModel.swift in Sources */,
				9C60EC792D551A6D00080BA7 /* HomeModel.swift in Sources */,
				9C475C702D52DB1A00EAE3C5 /* ContentView.swift in Sources */,
				9C90D3402D60E3AC00903BE1 /* RetryControllerProtocol.swift in Sources */,
				9C90D33E2D60E2B600903BE1 /* DefaultRetryController.swift in Sources */,
				9C90D33C2D60DE4E00903BE1 /* LoginErrorView.swift in Sources */,
				9C60EC2A2D54E51E00080BA7 /* HomeModule.swift in Sources */,
				9C60EC562D54E51E00080BA7 /* SettingsView.swift in Sources */,
				9C60EC6E2D55179C00080BA7 /* HomeRemoteRepository.swift in Sources */,
				9C60EC442D54E51E00080BA7 /* LoginViewModel.swift in Sources */,
				9C60EC4D2D54E51E00080BA7 /* Router.swift in Sources */,
				9CE0F8732D5D464B00F834A2 /* LoginRemoteUseCaseImpl.swift in Sources */,
				9C5AF5812D5E3A9D00468BEA /* FirebaseModule.swift in Sources */,
				9CE0F87A2D5D490700F834A2 /* LoginRemoteDataSource.swift in Sources */,
				9C60EC312D54E51E00080BA7 /* HomeViewModel.swift in Sources */,
				9CD4A4F92D628074007CCC07 /* LoginFirebaseDataSourceImpl.swift in Sources */,
				9CE0F86D2D5CDC2A00F834A2 /* LoginEntity.swift in Sources */,
				9CD4A50A2D62913D007CCC07 /* UserNotificationSettingsEntity.swift in Sources */,
				9C60EC732D5518FB00080BA7 /* HomeUseCaseImpl.swift in Sources */,
				9C5CB9D42D66796600EB3609 /* FirestoreUserSocialMediaEntity.swift in Sources */,
				9C60EC632D54E80900080BA7 /* SettingsModule.swift in Sources */,
				9CE0F86F2D5CDC3F00F834A2 /* LoginModel.swift in Sources */,
				9C60EC5D2D54E74100080BA7 /* CoreModule.swift in Sources */,
				9C60EC6C2D55177200080BA7 /* HomeUseCase.swift in Sources */,
				9C60EC5F2D54E77600080BA7 /* DataModule.swift in Sources */,
				9C60EC7B2D551C8400080BA7 /*  HomeRemoteDataSourceImpl.swift in Sources */,
				9C5AF56F2D5E260D00468BEA /* SettingsEntity.swift in Sources */,
				9C60EC612D54E7F800080BA7 /* LoginModule.swift in Sources */,
				9CD4A5082D62912B007CCC07 /* UserSocialMediaEntity.swift in Sources */,
				9C5AF5712D5E264600468BEA /* SettingsModel.swift in Sources */,
				9CD4A50C2D629298007CCC07 /* UserAddressModel.swift in Sources */,
				9CD4A50E2D6292AD007CCC07 /* UserPhonesModel.swift in Sources */,
				9C60EC672D54F1E900080BA7 /* SettingsRemoteRepository.swift in Sources */,
				9CD4A5062D62911A007CCC07 /* UserPhonesEntity.swift in Sources */,
				9CD4A5022D628E2A007CCC07 /* UserEntity.swift in Sources */,
				9CE0F8752D5D479900F834A2 /* LoginRemoteRepository.swift in Sources */,
				9C5CB9D22D66794B00EB3609 /* FirestoreUserPhonesEntity.swift in Sources */,
				9C5AF5762D5E290700468BEA /* SettingsRemoteDataSource.swift in Sources */,
				9CD4A5042D629108007CCC07 /* UserAddressEntity.swift in Sources */,
				9C60EC712D55181A00080BA7 /* HomeRemoteDataSource.swift in Sources */,
				9CE0F8772D5D487E00F834A2 /* LoginRemoteRepositoryImpl.swift in Sources */,
				9C60EC4E2D54E51E00080BA7 /* Screens.swift in Sources */,
				9C60EC552D54E51E00080BA7 /* SettingsState.swift in Sources */,
				9C5AF5842D5E7F6D00468BEA /* AppConfig.swift in Sources */,
				9C60EC432D54E51E00080BA7 /* LoginView.swift in Sources */,
				9C475C6E2D52DB1A00EAE3C5 /* VolunteersiOsApp.swift in Sources */,
				9C60EC582D54E51E00080BA7 /* SplashScreenView.swift in Sources */,
				9C5CB9CB2D6677C300EB3609 /* FirestoreUserNotificationSettingsModel.swift in Sources */,
				9CD4A5122D6292E4007CCC07 /* UserNotificationSettingsModel.swift in Sources */,
				9C60EC2F2D54E51E00080BA7 /* HomeState.swift in Sources */,
				9C475CA52D52E4D100EAE3C5 /* NetworkModule.swift in Sources */,
				9C5AF56D2D5E253F00468BEA /* SettingsRemoteUseCaseImpl.swift in Sources */,
				9C5CB9D02D66791900EB3609 /* FirestoreUserAddressEntity.swift in Sources */,
				9C60EC752D55196D00080BA7 /* HomeRemoteRepositoryImpl.swift in Sources */,
				9C60EC652D54F1C300080BA7 /* SettingsRemoteDataSourceImpl.swift in Sources */,
				9CE0F87C2D5D496000F834A2 /* LoginRemoteDataSourceImpl.swift in Sources */,
				9C60EC772D551A5800080BA7 /* HomeEntity.swift in Sources */,
				9C475CA32D52E49200EAE3C5 /* AppModule.swift in Sources */,
				9CD4A5142D63469B007CCC07 /* FirestoreUserModel.swift in Sources */,
				9C5CB9C22D66137900EB3609 /* UserModule.swift in Sources */,
				9C60EC422D54E51E00080BA7 /* LoginState.swift in Sources */,
				9C5AF5732D5E287200468BEA /* SettingsRemoteRepositoryImpl.swift in Sources */,
				9CE0F8712D5D463300F834A2 /* LoginRemoteUseCase.swift in Sources */,
				9C5CB9C92D66779500EB3609 /* FirestoreUserSocialMediaModel.swift in Sources */,
				9CD4A5102D6292C9007CCC07 /* UserSocialMediaModel.swift in Sources */,
				9CD4A4FB2D628CE7007CCC07 /* UserModel.swift in Sources */,
			);
			runOnlyForDeploymentPostprocessing = 0;
		};
		9C475C762D52DB2000EAE3C5 /* Sources */ = {
			isa = PBXSourcesBuildPhase;
			buildActionMask = 2147483647;
			files = (
				9C475C7F2D52DB2000EAE3C5 /* VolunteersiOsAppTests.swift in Sources */,
			);
			runOnlyForDeploymentPostprocessing = 0;
		};
		9C475C802D52DB2000EAE3C5 /* Sources */ = {
			isa = PBXSourcesBuildPhase;
			buildActionMask = 2147483647;
			files = (
				9C475C892D52DB2000EAE3C5 /* VolunteersiOsAppUITests.swift in Sources */,
				9C475C8B2D52DB2000EAE3C5 /* VolunteersiOsAppUITestsLaunchTests.swift in Sources */,
			);
			runOnlyForDeploymentPostprocessing = 0;
		};
/* End PBXSourcesBuildPhase section */

/* Begin PBXTargetDependency section */
		9C475C7C2D52DB2000EAE3C5 /* PBXTargetDependency */ = {
			isa = PBXTargetDependency;
			target = 9C475C692D52DB1A00EAE3C5 /* VolunteersiOsApp */;
			targetProxy = 9C475C7B2D52DB2000EAE3C5 /* PBXContainerItemProxy */;
		};
		9C475C862D52DB2000EAE3C5 /* PBXTargetDependency */ = {
			isa = PBXTargetDependency;
			target = 9C475C692D52DB1A00EAE3C5 /* VolunteersiOsApp */;
			targetProxy = 9C475C852D52DB2000EAE3C5 /* PBXContainerItemProxy */;
		};
/* End PBXTargetDependency section */

/* Begin XCBuildConfiguration section */
		9C475C8C2D52DB2000EAE3C5 /* Debug */ = {
			isa = XCBuildConfiguration;
			buildSettings = {
				ALWAYS_SEARCH_USER_PATHS = NO;
				ASSETCATALOG_COMPILER_GENERATE_SWIFT_ASSET_SYMBOL_EXTENSIONS = YES;
				CLANG_ANALYZER_NONNULL = YES;
				CLANG_ANALYZER_NUMBER_OBJECT_CONVERSION = YES_AGGRESSIVE;
				CLANG_CXX_LANGUAGE_STANDARD = "gnu++20";
				CLANG_ENABLE_MODULES = YES;
				CLANG_ENABLE_OBJC_ARC = YES;
				CLANG_ENABLE_OBJC_WEAK = YES;
				CLANG_WARN_BLOCK_CAPTURE_AUTORELEASING = YES;
				CLANG_WARN_BOOL_CONVERSION = YES;
				CLANG_WARN_COMMA = YES;
				CLANG_WARN_CONSTANT_CONVERSION = YES;
				CLANG_WARN_DEPRECATED_OBJC_IMPLEMENTATIONS = YES;
				CLANG_WARN_DIRECT_OBJC_ISA_USAGE = YES_ERROR;
				CLANG_WARN_DOCUMENTATION_COMMENTS = YES;
				CLANG_WARN_EMPTY_BODY = YES;
				CLANG_WARN_ENUM_CONVERSION = YES;
				CLANG_WARN_INFINITE_RECURSION = YES;
				CLANG_WARN_INT_CONVERSION = YES;
				CLANG_WARN_NON_LITERAL_NULL_CONVERSION = YES;
				CLANG_WARN_OBJC_IMPLICIT_RETAIN_SELF = YES;
				CLANG_WARN_OBJC_LITERAL_CONVERSION = YES;
				CLANG_WARN_OBJC_ROOT_CLASS = YES_ERROR;
				CLANG_WARN_QUOTED_INCLUDE_IN_FRAMEWORK_HEADER = YES;
				CLANG_WARN_RANGE_LOOP_ANALYSIS = YES;
				CLANG_WARN_STRICT_PROTOTYPES = YES;
				CLANG_WARN_SUSPICIOUS_MOVE = YES;
				CLANG_WARN_UNGUARDED_AVAILABILITY = YES_AGGRESSIVE;
				CLANG_WARN_UNREACHABLE_CODE = YES;
				CLANG_WARN__DUPLICATE_METHOD_MATCH = YES;
				COPY_PHASE_STRIP = NO;
				DEBUG_INFORMATION_FORMAT = dwarf;
				ENABLE_STRICT_OBJC_MSGSEND = YES;
				ENABLE_TESTABILITY = YES;
				ENABLE_USER_SCRIPT_SANDBOXING = YES;
				GCC_C_LANGUAGE_STANDARD = gnu17;
				GCC_DYNAMIC_NO_PIC = NO;
				GCC_NO_COMMON_BLOCKS = YES;
				GCC_OPTIMIZATION_LEVEL = 0;
				GCC_PREPROCESSOR_DEFINITIONS = (
					"DEBUG=1",
					"$(inherited)",
				);
				GCC_WARN_64_TO_32_BIT_CONVERSION = YES;
				GCC_WARN_ABOUT_RETURN_TYPE = YES_ERROR;
				GCC_WARN_UNDECLARED_SELECTOR = YES;
				GCC_WARN_UNINITIALIZED_AUTOS = YES_AGGRESSIVE;
				GCC_WARN_UNUSED_FUNCTION = YES;
				GCC_WARN_UNUSED_VARIABLE = YES;
				IPHONEOS_DEPLOYMENT_TARGET = 17.5;
				LOCALIZATION_PREFERS_STRING_CATALOGS = YES;
				MTL_ENABLE_DEBUG_INFO = INCLUDE_SOURCE;
				MTL_FAST_MATH = YES;
				ONLY_ACTIVE_ARCH = YES;
				SDKROOT = iphoneos;
				SWIFT_ACTIVE_COMPILATION_CONDITIONS = "DEBUG $(inherited)";
				SWIFT_OPTIMIZATION_LEVEL = "-Onone";
			};
			name = Debug;
		};
		9C475C8D2D52DB2000EAE3C5 /* Release */ = {
			isa = XCBuildConfiguration;
			buildSettings = {
				ALWAYS_SEARCH_USER_PATHS = NO;
				ASSETCATALOG_COMPILER_GENERATE_SWIFT_ASSET_SYMBOL_EXTENSIONS = YES;
				CLANG_ANALYZER_NONNULL = YES;
				CLANG_ANALYZER_NUMBER_OBJECT_CONVERSION = YES_AGGRESSIVE;
				CLANG_CXX_LANGUAGE_STANDARD = "gnu++20";
				CLANG_ENABLE_MODULES = YES;
				CLANG_ENABLE_OBJC_ARC = YES;
				CLANG_ENABLE_OBJC_WEAK = YES;
				CLANG_WARN_BLOCK_CAPTURE_AUTORELEASING = YES;
				CLANG_WARN_BOOL_CONVERSION = YES;
				CLANG_WARN_COMMA = YES;
				CLANG_WARN_CONSTANT_CONVERSION = YES;
				CLANG_WARN_DEPRECATED_OBJC_IMPLEMENTATIONS = YES;
				CLANG_WARN_DIRECT_OBJC_ISA_USAGE = YES_ERROR;
				CLANG_WARN_DOCUMENTATION_COMMENTS = YES;
				CLANG_WARN_EMPTY_BODY = YES;
				CLANG_WARN_ENUM_CONVERSION = YES;
				CLANG_WARN_INFINITE_RECURSION = YES;
				CLANG_WARN_INT_CONVERSION = YES;
				CLANG_WARN_NON_LITERAL_NULL_CONVERSION = YES;
				CLANG_WARN_OBJC_IMPLICIT_RETAIN_SELF = YES;
				CLANG_WARN_OBJC_LITERAL_CONVERSION = YES;
				CLANG_WARN_OBJC_ROOT_CLASS = YES_ERROR;
				CLANG_WARN_QUOTED_INCLUDE_IN_FRAMEWORK_HEADER = YES;
				CLANG_WARN_RANGE_LOOP_ANALYSIS = YES;
				CLANG_WARN_STRICT_PROTOTYPES = YES;
				CLANG_WARN_SUSPICIOUS_MOVE = YES;
				CLANG_WARN_UNGUARDED_AVAILABILITY = YES_AGGRESSIVE;
				CLANG_WARN_UNREACHABLE_CODE = YES;
				CLANG_WARN__DUPLICATE_METHOD_MATCH = YES;
				COPY_PHASE_STRIP = NO;
				DEBUG_INFORMATION_FORMAT = "dwarf-with-dsym";
				ENABLE_NS_ASSERTIONS = NO;
				ENABLE_STRICT_OBJC_MSGSEND = YES;
				ENABLE_USER_SCRIPT_SANDBOXING = YES;
				GCC_C_LANGUAGE_STANDARD = gnu17;
				GCC_NO_COMMON_BLOCKS = YES;
				GCC_WARN_64_TO_32_BIT_CONVERSION = YES;
				GCC_WARN_ABOUT_RETURN_TYPE = YES_ERROR;
				GCC_WARN_UNDECLARED_SELECTOR = YES;
				GCC_WARN_UNINITIALIZED_AUTOS = YES_AGGRESSIVE;
				GCC_WARN_UNUSED_FUNCTION = YES;
				GCC_WARN_UNUSED_VARIABLE = YES;
				IPHONEOS_DEPLOYMENT_TARGET = 17.5;
				LOCALIZATION_PREFERS_STRING_CATALOGS = YES;
				MTL_ENABLE_DEBUG_INFO = NO;
				MTL_FAST_MATH = YES;
				SDKROOT = iphoneos;
				SWIFT_COMPILATION_MODE = wholemodule;
				VALIDATE_PRODUCT = YES;
			};
			name = Release;
		};
		9C475C8F2D52DB2000EAE3C5 /* Debug */ = {
			isa = XCBuildConfiguration;
			buildSettings = {
				ASSETCATALOG_COMPILER_APPICON_NAME = AppIcon;
				ASSETCATALOG_COMPILER_GLOBAL_ACCENT_COLOR_NAME = AccentColor;
				CODE_SIGN_STYLE = Automatic;
				CURRENT_PROJECT_VERSION = 1;
				DEVELOPMENT_ASSET_PATHS = "\"VolunteersiOsApp/Preview Content\"";
				DEVELOPMENT_TEAM = Q2SY8U2T77;
				ENABLE_PREVIEWS = YES;
				GENERATE_INFOPLIST_FILE = YES;
				INFOPLIST_KEY_LSApplicationCategoryType = "public.app-category.social-networking";
				INFOPLIST_KEY_UIApplicationSceneManifest_Generation = YES;
				INFOPLIST_KEY_UIApplicationSupportsIndirectInputEvents = YES;
				INFOPLIST_KEY_UILaunchScreen_Generation = YES;
				INFOPLIST_KEY_UISupportedInterfaceOrientations_iPad = "UIInterfaceOrientationPortrait UIInterfaceOrientationPortraitUpsideDown UIInterfaceOrientationLandscapeLeft UIInterfaceOrientationLandscapeRight";
				INFOPLIST_KEY_UISupportedInterfaceOrientations_iPhone = "UIInterfaceOrientationPortrait UIInterfaceOrientationLandscapeLeft UIInterfaceOrientationLandscapeRight";
				LD_RUNPATH_SEARCH_PATHS = (
					"$(inherited)",
					"@executable_path/Frameworks",
				);
				MARKETING_VERSION = 1.0;
				PRODUCT_BUNDLE_IDENTIFIER = fabianospdev.VolunteersiOsApp;
				PRODUCT_NAME = "$(TARGET_NAME)";
				SUPPORTED_PLATFORMS = "iphoneos iphonesimulator";
				SUPPORTS_MACCATALYST = NO;
				SUPPORTS_MAC_DESIGNED_FOR_IPHONE_IPAD = NO;
				SUPPORTS_XR_DESIGNED_FOR_IPHONE_IPAD = NO;
				SWIFT_EMIT_LOC_STRINGS = YES;
				SWIFT_VERSION = 5.0;
				TARGETED_DEVICE_FAMILY = "1,2";
			};
			name = Debug;
		};
		9C475C902D52DB2000EAE3C5 /* Release */ = {
			isa = XCBuildConfiguration;
			buildSettings = {
				ASSETCATALOG_COMPILER_APPICON_NAME = AppIcon;
				ASSETCATALOG_COMPILER_GLOBAL_ACCENT_COLOR_NAME = AccentColor;
				CODE_SIGN_STYLE = Automatic;
				CURRENT_PROJECT_VERSION = 1;
				DEVELOPMENT_ASSET_PATHS = "\"VolunteersiOsApp/Preview Content\"";
				DEVELOPMENT_TEAM = Q2SY8U2T77;
				ENABLE_PREVIEWS = YES;
				GENERATE_INFOPLIST_FILE = YES;
				INFOPLIST_KEY_LSApplicationCategoryType = "public.app-category.social-networking";
				INFOPLIST_KEY_UIApplicationSceneManifest_Generation = YES;
				INFOPLIST_KEY_UIApplicationSupportsIndirectInputEvents = YES;
				INFOPLIST_KEY_UILaunchScreen_Generation = YES;
				INFOPLIST_KEY_UISupportedInterfaceOrientations_iPad = "UIInterfaceOrientationPortrait UIInterfaceOrientationPortraitUpsideDown UIInterfaceOrientationLandscapeLeft UIInterfaceOrientationLandscapeRight";
				INFOPLIST_KEY_UISupportedInterfaceOrientations_iPhone = "UIInterfaceOrientationPortrait UIInterfaceOrientationLandscapeLeft UIInterfaceOrientationLandscapeRight";
				LD_RUNPATH_SEARCH_PATHS = (
					"$(inherited)",
					"@executable_path/Frameworks",
				);
				MARKETING_VERSION = 1.0;
				PRODUCT_BUNDLE_IDENTIFIER = fabianospdev.VolunteersiOsApp;
				PRODUCT_NAME = "$(TARGET_NAME)";
				SUPPORTED_PLATFORMS = "iphoneos iphonesimulator";
				SUPPORTS_MACCATALYST = NO;
				SUPPORTS_MAC_DESIGNED_FOR_IPHONE_IPAD = NO;
				SUPPORTS_XR_DESIGNED_FOR_IPHONE_IPAD = NO;
				SWIFT_EMIT_LOC_STRINGS = YES;
				SWIFT_VERSION = 5.0;
				TARGETED_DEVICE_FAMILY = "1,2";
			};
			name = Release;
		};
		9C475C922D52DB2000EAE3C5 /* Debug */ = {
			isa = XCBuildConfiguration;
			buildSettings = {
				ALWAYS_EMBED_SWIFT_STANDARD_LIBRARIES = YES;
				BUNDLE_LOADER = "$(TEST_HOST)";
				CODE_SIGN_STYLE = Automatic;
				CURRENT_PROJECT_VERSION = 1;
				DEVELOPMENT_TEAM = Q2SY8U2T77;
				GENERATE_INFOPLIST_FILE = YES;
				IPHONEOS_DEPLOYMENT_TARGET = 17.5;
				MARKETING_VERSION = 1.0;
				PRODUCT_BUNDLE_IDENTIFIER = fabianospdev.VolunteersiOsAppTests;
				PRODUCT_NAME = "$(TARGET_NAME)";
				SWIFT_EMIT_LOC_STRINGS = NO;
				SWIFT_VERSION = 5.0;
				TARGETED_DEVICE_FAMILY = "1,2";
				TEST_HOST = "$(BUILT_PRODUCTS_DIR)/VolunteersiOsApp.app/$(BUNDLE_EXECUTABLE_FOLDER_PATH)/VolunteersiOsApp";
			};
			name = Debug;
		};
		9C475C932D52DB2000EAE3C5 /* Release */ = {
			isa = XCBuildConfiguration;
			buildSettings = {
				ALWAYS_EMBED_SWIFT_STANDARD_LIBRARIES = YES;
				BUNDLE_LOADER = "$(TEST_HOST)";
				CODE_SIGN_STYLE = Automatic;
				CURRENT_PROJECT_VERSION = 1;
				DEVELOPMENT_TEAM = Q2SY8U2T77;
				GENERATE_INFOPLIST_FILE = YES;
				IPHONEOS_DEPLOYMENT_TARGET = 17.5;
				MARKETING_VERSION = 1.0;
				PRODUCT_BUNDLE_IDENTIFIER = fabianospdev.VolunteersiOsAppTests;
				PRODUCT_NAME = "$(TARGET_NAME)";
				SWIFT_EMIT_LOC_STRINGS = NO;
				SWIFT_VERSION = 5.0;
				TARGETED_DEVICE_FAMILY = "1,2";
				TEST_HOST = "$(BUILT_PRODUCTS_DIR)/VolunteersiOsApp.app/$(BUNDLE_EXECUTABLE_FOLDER_PATH)/VolunteersiOsApp";
			};
			name = Release;
		};
		9C475C952D52DB2000EAE3C5 /* Debug */ = {
			isa = XCBuildConfiguration;
			buildSettings = {
				ALWAYS_EMBED_SWIFT_STANDARD_LIBRARIES = YES;
				CODE_SIGN_STYLE = Automatic;
				CURRENT_PROJECT_VERSION = 1;
				DEVELOPMENT_TEAM = Q2SY8U2T77;
				GENERATE_INFOPLIST_FILE = YES;
				MARKETING_VERSION = 1.0;
				PRODUCT_BUNDLE_IDENTIFIER = fabianospdev.VolunteersiOsAppUITests;
				PRODUCT_NAME = "$(TARGET_NAME)";
				SWIFT_EMIT_LOC_STRINGS = NO;
				SWIFT_VERSION = 5.0;
				TARGETED_DEVICE_FAMILY = "1,2";
				TEST_TARGET_NAME = VolunteersiOsApp;
			};
			name = Debug;
		};
		9C475C962D52DB2000EAE3C5 /* Release */ = {
			isa = XCBuildConfiguration;
			buildSettings = {
				ALWAYS_EMBED_SWIFT_STANDARD_LIBRARIES = YES;
				CODE_SIGN_STYLE = Automatic;
				CURRENT_PROJECT_VERSION = 1;
				DEVELOPMENT_TEAM = Q2SY8U2T77;
				GENERATE_INFOPLIST_FILE = YES;
				MARKETING_VERSION = 1.0;
				PRODUCT_BUNDLE_IDENTIFIER = fabianospdev.VolunteersiOsAppUITests;
				PRODUCT_NAME = "$(TARGET_NAME)";
				SWIFT_EMIT_LOC_STRINGS = NO;
				SWIFT_VERSION = 5.0;
				TARGETED_DEVICE_FAMILY = "1,2";
				TEST_TARGET_NAME = VolunteersiOsApp;
			};
			name = Release;
		};
/* End XCBuildConfiguration section */

/* Begin XCConfigurationList section */
		9C475C652D52DB1A00EAE3C5 /* Build configuration list for PBXProject "VolunteersiOsApp" */ = {
			isa = XCConfigurationList;
			buildConfigurations = (
				9C475C8C2D52DB2000EAE3C5 /* Debug */,
				9C475C8D2D52DB2000EAE3C5 /* Release */,
			);
			defaultConfigurationIsVisible = 0;
			defaultConfigurationName = Release;
		};
		9C475C8E2D52DB2000EAE3C5 /* Build configuration list for PBXNativeTarget "VolunteersiOsApp" */ = {
			isa = XCConfigurationList;
			buildConfigurations = (
				9C475C8F2D52DB2000EAE3C5 /* Debug */,
				9C475C902D52DB2000EAE3C5 /* Release */,
			);
			defaultConfigurationIsVisible = 0;
			defaultConfigurationName = Release;
		};
		9C475C912D52DB2000EAE3C5 /* Build configuration list for PBXNativeTarget "VolunteersiOsAppTests" */ = {
			isa = XCConfigurationList;
			buildConfigurations = (
				9C475C922D52DB2000EAE3C5 /* Debug */,
				9C475C932D52DB2000EAE3C5 /* Release */,
			);
			defaultConfigurationIsVisible = 0;
			defaultConfigurationName = Release;
		};
		9C475C942D52DB2000EAE3C5 /* Build configuration list for PBXNativeTarget "VolunteersiOsAppUITests" */ = {
			isa = XCConfigurationList;
			buildConfigurations = (
				9C475C952D52DB2000EAE3C5 /* Debug */,
				9C475C962D52DB2000EAE3C5 /* Release */,
			);
			defaultConfigurationIsVisible = 0;
			defaultConfigurationName = Release;
		};
/* End XCConfigurationList section */

/* Begin XCRemoteSwiftPackageReference section */
		9C5AF5772D5E38B100468BEA /* XCRemoteSwiftPackageReference "firebase-ios-sdk" */ = {
			isa = XCRemoteSwiftPackageReference;
			repositoryURL = "https://github.com/firebase/firebase-ios-sdk";
			requirement = {
				kind = upToNextMajorVersion;
				minimumVersion = 11.8.1;
			};
		};
		9C6204702D53E4AE0068BAAB /* XCRemoteSwiftPackageReference "Swinject" */ = {
			isa = XCRemoteSwiftPackageReference;
			repositoryURL = "https://github.com/Swinject/Swinject.git";
			requirement = {
				kind = upToNextMajorVersion;
				minimumVersion = 2.9.1;
			};
		};
		9C6204712D53E4D70068BAAB /* XCRemoteSwiftPackageReference "Alamofire" */ = {
			isa = XCRemoteSwiftPackageReference;
			repositoryURL = "https://github.com/Alamofire/Alamofire";
			requirement = {
				kind = upToNextMajorVersion;
				minimumVersion = 5.10.2;
			};
		};
/* End XCRemoteSwiftPackageReference section */

/* Begin XCSwiftPackageProductDependency section */
		9C5AF5782D5E38B100468BEA /* FirebaseAnalytics */ = {
			isa = XCSwiftPackageProductDependency;
			package = 9C5AF5772D5E38B100468BEA /* XCRemoteSwiftPackageReference "firebase-ios-sdk" */;
			productName = FirebaseAnalytics;
		};
		9C5AF57A2D5E38B100468BEA /* FirebaseAuth */ = {
			isa = XCSwiftPackageProductDependency;
			package = 9C5AF5772D5E38B100468BEA /* XCRemoteSwiftPackageReference "firebase-ios-sdk" */;
			productName = FirebaseAuth;
		};
		9C5AF57C2D5E38B100468BEA /* FirebaseCrashlytics */ = {
			isa = XCSwiftPackageProductDependency;
			package = 9C5AF5772D5E38B100468BEA /* XCRemoteSwiftPackageReference "firebase-ios-sdk" */;
			productName = FirebaseCrashlytics;
		};
		9C5AF57E2D5E38B100468BEA /* FirebaseFirestore */ = {
			isa = XCSwiftPackageProductDependency;
			package = 9C5AF5772D5E38B100468BEA /* XCRemoteSwiftPackageReference "firebase-ios-sdk" */;
			productName = FirebaseFirestore;
		};
		9C6204732D53E50C0068BAAB /* Swinject */ = {
			isa = XCSwiftPackageProductDependency;
			package = 9C6204702D53E4AE0068BAAB /* XCRemoteSwiftPackageReference "Swinject" */;
			productName = Swinject;
		};
		9C6204752D53E5120068BAAB /* Alamofire */ = {
			isa = XCSwiftPackageProductDependency;
			package = 9C6204712D53E4D70068BAAB /* XCRemoteSwiftPackageReference "Alamofire" */;
			productName = Alamofire;
		};
/* End XCSwiftPackageProductDependency section */
	};
	rootObject = 9C475C622D52DB1A00EAE3C5 /* Project object */;
}
