// !$*UTF8*$!
{
	archiveVersion = 1;
	classes = {
	};
	objectVersion = 56;
	objects = {

/* Begin PBXBuildFile section */
		9C475C6E2D52DB1A00EAE3C5 /* VolunteersiOsAppApp.swift in Sources */ = {isa = PBXBuildFile; fileRef = 9C475C6D2D52DB1A00EAE3C5 /* VolunteersiOsAppApp.swift */; };
		9C475C702D52DB1A00EAE3C5 /* ContentView.swift in Sources */ = {isa = PBXBuildFile; fileRef = 9C475C6F2D52DB1A00EAE3C5 /* ContentView.swift */; };
		9C475C722D52DB1F00EAE3C5 /* Assets.xcassets in Resources */ = {isa = PBXBuildFile; fileRef = 9C475C712D52DB1F00EAE3C5 /* Assets.xcassets */; };
		9C475C752D52DB1F00EAE3C5 /* Preview Assets.xcassets in Resources */ = {isa = PBXBuildFile; fileRef = 9C475C742D52DB1F00EAE3C5 /* Preview Assets.xcassets */; };
		9C475C7F2D52DB2000EAE3C5 /* VolunteersiOsAppTests.swift in Sources */ = {isa = PBXBuildFile; fileRef = 9C475C7E2D52DB2000EAE3C5 /* VolunteersiOsAppTests.swift */; };
		9C475C892D52DB2000EAE3C5 /* VolunteersiOsAppUITests.swift in Sources */ = {isa = PBXBuildFile; fileRef = 9C475C882D52DB2000EAE3C5 /* VolunteersiOsAppUITests.swift */; };
		9C475C8B2D52DB2000EAE3C5 /* VolunteersiOsAppUITestsLaunchTests.swift in Sources */ = {isa = PBXBuildFile; fileRef = 9C475C8A2D52DB2000EAE3C5 /* VolunteersiOsAppUITestsLaunchTests.swift */; };
		9C475CA32D52E49200EAE3C5 /* AppModule.swift in Sources */ = {isa = PBXBuildFile; fileRef = 9C475CA22D52E49200EAE3C5 /* AppModule.swift */; };
		9C475CA52D52E4D100EAE3C5 /* NetworkModule.swift in Sources */ = {isa = PBXBuildFile; fileRef = 9C475CA42D52E4D100EAE3C5 /* NetworkModule.swift */; };
		9C475CA72D52E50100EAE3C5 /* CoreModule.swift in Sources */ = {isa = PBXBuildFile; fileRef = 9C475CA62D52E50100EAE3C5 /* CoreModule.swift */; };
		9C475CAB2D52E56200EAE3C5 /* DataModule.swift in Sources */ = {isa = PBXBuildFile; fileRef = 9C475CAA2D52E56200EAE3C5 /* DataModule.swift */; };
		9C475CAD2D52E59100EAE3C5 /* DomainModule.swift in Sources */ = {isa = PBXBuildFile; fileRef = 9C475CAC2D52E59100EAE3C5 /* DomainModule.swift */; };
		9C475CB22D52E62700EAE3C5 /* PresentationModule.swift in Sources */ = {isa = PBXBuildFile; fileRef = 9C475CB12D52E62700EAE3C5 /* PresentationModule.swift */; };
		9C475CBD2D52EAC500EAE3C5 /* HomeView.swift in Sources */ = {isa = PBXBuildFile; fileRef = 9C475CBC2D52EAC500EAE3C5 /* HomeView.swift */; };
		9C475CBF2D52EADC00EAE3C5 /* HomeViewModel.swift in Sources */ = {isa = PBXBuildFile; fileRef = 9C475CBE2D52EADC00EAE3C5 /* HomeViewModel.swift */; };
		9C475CC12D52EAF400EAE3C5 /* HomeState.swift in Sources */ = {isa = PBXBuildFile; fileRef = 9C475CC02D52EAF400EAE3C5 /* HomeState.swift */; };
		9C475CC32D52EB0400EAE3C5 /* LoginView.swift in Sources */ = {isa = PBXBuildFile; fileRef = 9C475CC22D52EB0400EAE3C5 /* LoginView.swift */; };
		9C475CC52D52EB1600EAE3C5 /* LoginViewModel.swift in Sources */ = {isa = PBXBuildFile; fileRef = 9C475CC42D52EB1600EAE3C5 /* LoginViewModel.swift */; };
		9C475CC72D52EB2500EAE3C5 /* HomeState.swift in Sources */ = {isa = PBXBuildFile; fileRef = 9C475CC62D52EB2500EAE3C5 /* HomeState.swift */; };
		9C475CC92D52EB3400EAE3C5 /* SettingsView.swift in Sources */ = {isa = PBXBuildFile; fileRef = 9C475CC82D52EB3400EAE3C5 /* SettingsView.swift */; };
		9C475CCB2D52EB4300EAE3C5 /* SettingsViewModel.swift in Sources */ = {isa = PBXBuildFile; fileRef = 9C475CCA2D52EB4300EAE3C5 /* SettingsViewModel.swift */; };
		9C475CCD2D52EB5300EAE3C5 /* SettingsState.swift in Sources */ = {isa = PBXBuildFile; fileRef = 9C475CCC2D52EB5300EAE3C5 /* SettingsState.swift */; };
/* End PBXBuildFile section */

/* Begin PBXContainerItemProxy section */
		9C475C7B2D52DB2000EAE3C5 /* PBXContainerItemProxy */ = {
			isa = PBXContainerItemProxy;
			containerPortal = 9C475C622D52DB1A00EAE3C5 /* Project object */;
			proxyType = 1;
			remoteGlobalIDString = 9C475C692D52DB1A00EAE3C5;
			remoteInfo = VolunteersiOsApp;
		};
		9C475C852D52DB2000EAE3C5 /* PBXContainerItemProxy */ = {
			isa = PBXContainerItemProxy;
			containerPortal = 9C475C622D52DB1A00EAE3C5 /* Project object */;
			proxyType = 1;
			remoteGlobalIDString = 9C475C692D52DB1A00EAE3C5;
			remoteInfo = VolunteersiOsApp;
		};
/* End PBXContainerItemProxy section */

/* Begin PBXFileReference section */
		9C475C6A2D52DB1A00EAE3C5 /* VolunteersiOsApp.app */ = {isa = PBXFileReference; explicitFileType = wrapper.application; includeInIndex = 0; path = VolunteersiOsApp.app; sourceTree = BUILT_PRODUCTS_DIR; };
		9C475C6D2D52DB1A00EAE3C5 /* VolunteersiOsAppApp.swift */ = {isa = PBXFileReference; lastKnownFileType = sourcecode.swift; path = VolunteersiOsAppApp.swift; sourceTree = "<group>"; };
		9C475C6F2D52DB1A00EAE3C5 /* ContentView.swift */ = {isa = PBXFileReference; lastKnownFileType = sourcecode.swift; path = ContentView.swift; sourceTree = "<group>"; };
		9C475C712D52DB1F00EAE3C5 /* Assets.xcassets */ = {isa = PBXFileReference; lastKnownFileType = folder.assetcatalog; path = Assets.xcassets; sourceTree = "<group>"; };
		9C475C742D52DB1F00EAE3C5 /* Preview Assets.xcassets */ = {isa = PBXFileReference; lastKnownFileType = folder.assetcatalog; path = "Preview Assets.xcassets"; sourceTree = "<group>"; };
		9C475C7A2D52DB2000EAE3C5 /* VolunteersiOsAppTests.xctest */ = {isa = PBXFileReference; explicitFileType = wrapper.cfbundle; includeInIndex = 0; path = VolunteersiOsAppTests.xctest; sourceTree = BUILT_PRODUCTS_DIR; };
		9C475C7E2D52DB2000EAE3C5 /* VolunteersiOsAppTests.swift */ = {isa = PBXFileReference; lastKnownFileType = sourcecode.swift; path = VolunteersiOsAppTests.swift; sourceTree = "<group>"; };
		9C475C842D52DB2000EAE3C5 /* VolunteersiOsAppUITests.xctest */ = {isa = PBXFileReference; explicitFileType = wrapper.cfbundle; includeInIndex = 0; path = VolunteersiOsAppUITests.xctest; sourceTree = BUILT_PRODUCTS_DIR; };
		9C475C882D52DB2000EAE3C5 /* VolunteersiOsAppUITests.swift */ = {isa = PBXFileReference; lastKnownFileType = sourcecode.swift; path = VolunteersiOsAppUITests.swift; sourceTree = "<group>"; };
		9C475C8A2D52DB2000EAE3C5 /* VolunteersiOsAppUITestsLaunchTests.swift */ = {isa = PBXFileReference; lastKnownFileType = sourcecode.swift; path = VolunteersiOsAppUITestsLaunchTests.swift; sourceTree = "<group>"; };
		9C475CA22D52E49200EAE3C5 /* AppModule.swift */ = {isa = PBXFileReference; lastKnownFileType = sourcecode.swift; path = AppModule.swift; sourceTree = "<group>"; };
		9C475CA42D52E4D100EAE3C5 /* NetworkModule.swift */ = {isa = PBXFileReference; lastKnownFileType = sourcecode.swift; path = NetworkModule.swift; sourceTree = "<group>"; };
		9C475CA62D52E50100EAE3C5 /* CoreModule.swift */ = {isa = PBXFileReference; lastKnownFileType = sourcecode.swift; path = CoreModule.swift; sourceTree = "<group>"; };
		9C475CAA2D52E56200EAE3C5 /* DataModule.swift */ = {isa = PBXFileReference; lastKnownFileType = sourcecode.swift; path = DataModule.swift; sourceTree = "<group>"; };
		9C475CAC2D52E59100EAE3C5 /* DomainModule.swift */ = {isa = PBXFileReference; lastKnownFileType = sourcecode.swift; path = DomainModule.swift; sourceTree = "<group>"; };
		9C475CB12D52E62700EAE3C5 /* PresentationModule.swift */ = {isa = PBXFileReference; lastKnownFileType = sourcecode.swift; path = PresentationModule.swift; sourceTree = "<group>"; };
		9C475CBC2D52EAC500EAE3C5 /* HomeView.swift */ = {isa = PBXFileReference; lastKnownFileType = sourcecode.swift; path = HomeView.swift; sourceTree = "<group>"; };
		9C475CBE2D52EADC00EAE3C5 /* HomeViewModel.swift */ = {isa = PBXFileReference; lastKnownFileType = sourcecode.swift; path = HomeViewModel.swift; sourceTree = "<group>"; };
		9C475CC02D52EAF400EAE3C5 /* HomeState.swift */ = {isa = PBXFileReference; lastKnownFileType = sourcecode.swift; path = HomeState.swift; sourceTree = "<group>"; };
		9C475CC22D52EB0400EAE3C5 /* LoginView.swift */ = {isa = PBXFileReference; lastKnownFileType = sourcecode.swift; path = LoginView.swift; sourceTree = "<group>"; };
		9C475CC42D52EB1600EAE3C5 /* LoginViewModel.swift */ = {isa = PBXFileReference; lastKnownFileType = sourcecode.swift; path = LoginViewModel.swift; sourceTree = "<group>"; };
		9C475CC62D52EB2500EAE3C5 /* HomeState.swift */ = {isa = PBXFileReference; lastKnownFileType = sourcecode.swift; path = HomeState.swift; sourceTree = "<group>"; };
		9C475CC82D52EB3400EAE3C5 /* SettingsView.swift */ = {isa = PBXFileReference; lastKnownFileType = sourcecode.swift; path = SettingsView.swift; sourceTree = "<group>"; };
		9C475CCA2D52EB4300EAE3C5 /* SettingsViewModel.swift */ = {isa = PBXFileReference; lastKnownFileType = sourcecode.swift; path = SettingsViewModel.swift; sourceTree = "<group>"; };
		9C475CCC2D52EB5300EAE3C5 /* SettingsState.swift */ = {isa = PBXFileReference; lastKnownFileType = sourcecode.swift; path = SettingsState.swift; sourceTree = "<group>"; };
/* End PBXFileReference section */

/* Begin PBXFrameworksBuildPhase section */
		9C475C672D52DB1A00EAE3C5 /* Frameworks */ = {
			isa = PBXFrameworksBuildPhase;
			buildActionMask = 2147483647;
			files = (
			);
			runOnlyForDeploymentPostprocessing = 0;
		};
		9C475C772D52DB2000EAE3C5 /* Frameworks */ = {
			isa = PBXFrameworksBuildPhase;
			buildActionMask = 2147483647;
			files = (
			);
			runOnlyForDeploymentPostprocessing = 0;
		};
		9C475C812D52DB2000EAE3C5 /* Frameworks */ = {
			isa = PBXFrameworksBuildPhase;
			buildActionMask = 2147483647;
			files = (
			);
			runOnlyForDeploymentPostprocessing = 0;
		};
/* End PBXFrameworksBuildPhase section */

/* Begin PBXGroup section */
		9C475C612D52DB1A00EAE3C5 = {
			isa = PBXGroup;
			children = (
				9C475C6C2D52DB1A00EAE3C5 /* VolunteersiOsApp */,
				9C475C7D2D52DB2000EAE3C5 /* VolunteersiOsAppTests */,
				9C475C872D52DB2000EAE3C5 /* VolunteersiOsAppUITests */,
				9C475C6B2D52DB1A00EAE3C5 /* Products */,
			);
			sourceTree = "<group>";
		};
		9C475C6B2D52DB1A00EAE3C5 /* Products */ = {
			isa = PBXGroup;
			children = (
				9C475C6A2D52DB1A00EAE3C5 /* VolunteersiOsApp.app */,
				9C475C7A2D52DB2000EAE3C5 /* VolunteersiOsAppTests.xctest */,
				9C475C842D52DB2000EAE3C5 /* VolunteersiOsAppUITests.xctest */,
			);
			name = Products;
			sourceTree = "<group>";
		};
		9C475C6C2D52DB1A00EAE3C5 /* VolunteersiOsApp */ = {
			isa = PBXGroup;
			children = (
				9C475CA12D52E41A00EAE3C5 /* DI */,
				9C475C9F2D52E3F300EAE3C5 /* Core */,
				9C475C992D52E32900EAE3C5 /* Data */,
				9C475C9A2D52E33700EAE3C5 /* Domain */,
				9C475C9B2D52E34500EAE3C5 /* Presentation */,
				9C475C6D2D52DB1A00EAE3C5 /* VolunteersiOsAppApp.swift */,
				9C475C6F2D52DB1A00EAE3C5 /* ContentView.swift */,
				9C475C712D52DB1F00EAE3C5 /* Assets.xcassets */,
				9C475C732D52DB1F00EAE3C5 /* Preview Content */,
			);
			path = VolunteersiOsApp;
			sourceTree = "<group>";
		};
		9C475C732D52DB1F00EAE3C5 /* Preview Content */ = {
			isa = PBXGroup;
			children = (
				9C475C742D52DB1F00EAE3C5 /* Preview Assets.xcassets */,
			);
			path = "Preview Content";
			sourceTree = "<group>";
		};
		9C475C7D2D52DB2000EAE3C5 /* VolunteersiOsAppTests */ = {
			isa = PBXGroup;
			children = (
				9C475C7E2D52DB2000EAE3C5 /* VolunteersiOsAppTests.swift */,
			);
			path = VolunteersiOsAppTests;
			sourceTree = "<group>";
		};
		9C475C872D52DB2000EAE3C5 /* VolunteersiOsAppUITests */ = {
			isa = PBXGroup;
			children = (
				9C475C882D52DB2000EAE3C5 /* VolunteersiOsAppUITests.swift */,
				9C475C8A2D52DB2000EAE3C5 /* VolunteersiOsAppUITestsLaunchTests.swift */,
			);
			path = VolunteersiOsAppUITests;
			sourceTree = "<group>";
		};
		9C475C992D52E32900EAE3C5 /* Data */ = {
			isa = PBXGroup;
			children = (
				9C475CCE2D52EB8100EAE3C5 /* DataSources */,
				9C475CD02D52EBDC00EAE3C5 /* Persistence */,
				9C475CCF2D52EB9100EAE3C5 /* Models */,
				9C475CB32D52E66600EAE3C5 /* Repositories */,
				9C475C9E2D52E37D00EAE3C5 /* DI */,
			);
			path = Data;
			sourceTree = "<group>";
		};
		9C475C9A2D52E33700EAE3C5 /* Domain */ = {
			isa = PBXGroup;
			children = (
				9C475CAE2D52E5AA00EAE3C5 /* Entities */,
				9C475CAF2D52E5B800EAE3C5 /* Repositories */,
				9C475CB02D52E5CE00EAE3C5 /* UseCases */,
				9C475C9D2D52E37500EAE3C5 /* DI */,
			);
			path = Domain;
			sourceTree = "<group>";
		};
		9C475C9B2D52E34500EAE3C5 /* Presentation */ = {
			isa = PBXGroup;
			children = (
				9C475CB42D52E81D00EAE3C5 /* Screems */,
				9C475CB52D52E82C00EAE3C5 /* ViewModels */,
				9C475CB62D52E83B00EAE3C5 /* Components */,
				9C475CB72D52E84600EAE3C5 /* Themes */,
				9C475CB82D52E85100EAE3C5 /* Navigation */,
				9C475C9C2D52E35E00EAE3C5 /* DI */,
			);
			path = Presentation;
			sourceTree = "<group>";
		};
		9C475C9C2D52E35E00EAE3C5 /* DI */ = {
			isa = PBXGroup;
			children = (
				9C475CB12D52E62700EAE3C5 /* PresentationModule.swift */,
			);
			path = DI;
			sourceTree = "<group>";
		};
		9C475C9D2D52E37500EAE3C5 /* DI */ = {
			isa = PBXGroup;
			children = (
				9C475CAC2D52E59100EAE3C5 /* DomainModule.swift */,
			);
			path = DI;
			sourceTree = "<group>";
		};
		9C475C9E2D52E37D00EAE3C5 /* DI */ = {
			isa = PBXGroup;
			children = (
				9C475CAA2D52E56200EAE3C5 /* DataModule.swift */,
			);
			path = DI;
			sourceTree = "<group>";
		};
		9C475C9F2D52E3F300EAE3C5 /* Core */ = {
			isa = PBXGroup;
			children = (
				9C475CA02D52E40000EAE3C5 /* DI */,
			);
			path = Core;
			sourceTree = "<group>";
		};
		9C475CA02D52E40000EAE3C5 /* DI */ = {
			isa = PBXGroup;
			children = (
				9C475CA62D52E50100EAE3C5 /* CoreModule.swift */,
			);
			path = DI;
			sourceTree = "<group>";
		};
		9C475CA12D52E41A00EAE3C5 /* DI */ = {
			isa = PBXGroup;
			children = (
				9C475CA22D52E49200EAE3C5 /* AppModule.swift */,
				9C475CA42D52E4D100EAE3C5 /* NetworkModule.swift */,
			);
			path = DI;
			sourceTree = "<group>";
		};
		9C475CAE2D52E5AA00EAE3C5 /* Entities */ = {
			isa = PBXGroup;
			children = (
			);
			path = Entities;
			sourceTree = "<group>";
		};
		9C475CAF2D52E5B800EAE3C5 /* Repositories */ = {
			isa = PBXGroup;
			children = (
			);
			path = Repositories;
			sourceTree = "<group>";
		};
		9C475CB02D52E5CE00EAE3C5 /* UseCases */ = {
			isa = PBXGroup;
			children = (
			);
			path = UseCases;
			sourceTree = "<group>";
		};
		9C475CB32D52E66600EAE3C5 /* Repositories */ = {
			isa = PBXGroup;
			children = (
			);
			path = Repositories;
			sourceTree = "<group>";
		};
		9C475CB42D52E81D00EAE3C5 /* Screems */ = {
			isa = PBXGroup;
			children = (
				9C475CB92D52EA8600EAE3C5 /* Home */,
				9C475CBA2D52EA9000EAE3C5 /* Login */,
				9C475CBB2D52EA9C00EAE3C5 /* Settings */,
			);
			path = Screems;
			sourceTree = "<group>";
		};
		9C475CB52D52E82C00EAE3C5 /* ViewModels */ = {
			isa = PBXGroup;
			children = (
			);
			path = ViewModels;
			sourceTree = "<group>";
		};
		9C475CB62D52E83B00EAE3C5 /* Components */ = {
			isa = PBXGroup;
			children = (
			);
			path = Components;
			sourceTree = "<group>";
		};
		9C475CB72D52E84600EAE3C5 /* Themes */ = {
			isa = PBXGroup;
			children = (
			);
			path = Themes;
			sourceTree = "<group>";
		};
		9C475CB82D52E85100EAE3C5 /* Navigation */ = {
			isa = PBXGroup;
			children = (
			);
			path = Navigation;
			sourceTree = "<group>";
		};
		9C475CB92D52EA8600EAE3C5 /* Home */ = {
			isa = PBXGroup;
			children = (
				9C475CBC2D52EAC500EAE3C5 /* HomeView.swift */,
				9C475CBE2D52EADC00EAE3C5 /* HomeViewModel.swift */,
				9C475CC02D52EAF400EAE3C5 /* HomeState.swift */,
			);
			path = Home;
			sourceTree = "<group>";
		};
		9C475CBA2D52EA9000EAE3C5 /* Login */ = {
			isa = PBXGroup;
			children = (
				9C475CC22D52EB0400EAE3C5 /* LoginView.swift */,
				9C475CC42D52EB1600EAE3C5 /* LoginViewModel.swift */,
				9C475CC62D52EB2500EAE3C5 /* HomeState.swift */,
			);
			path = Login;
			sourceTree = "<group>";
		};
		9C475CBB2D52EA9C00EAE3C5 /* Settings */ = {
			isa = PBXGroup;
			children = (
				9C475CC82D52EB3400EAE3C5 /* SettingsView.swift */,
				9C475CCA2D52EB4300EAE3C5 /* SettingsViewModel.swift */,
				9C475CCC2D52EB5300EAE3C5 /* SettingsState.swift */,
			);
			path = Settings;
			sourceTree = "<group>";
		};
		9C475CCE2D52EB8100EAE3C5 /* DataSources */ = {
			isa = PBXGroup;
			children = (
			);
			path = DataSources;
			sourceTree = "<group>";
		};
		9C475CCF2D52EB9100EAE3C5 /* Models */ = {
			isa = PBXGroup;
			children = (
			);
			path = Models;
			sourceTree = "<group>";
		};
		9C475CD02D52EBDC00EAE3C5 /* Persistence */ = {
			isa = PBXGroup;
			children = (
			);
			path = Persistence;
			sourceTree = "<group>";
		};
/* End PBXGroup section */

/* Begin PBXNativeTarget section */
		9C475C692D52DB1A00EAE3C5 /* VolunteersiOsApp */ = {
			isa = PBXNativeTarget;
			buildConfigurationList = 9C475C8E2D52DB2000EAE3C5 /* Build configuration list for PBXNativeTarget "VolunteersiOsApp" */;
			buildPhases = (
				9C475C662D52DB1A00EAE3C5 /* Sources */,
				9C475C672D52DB1A00EAE3C5 /* Frameworks */,
				9C475C682D52DB1A00EAE3C5 /* Resources */,
			);
			buildRules = (
			);
			dependencies = (
			);
			name = VolunteersiOsApp;
			productName = VolunteersiOsApp;
			productReference = 9C475C6A2D52DB1A00EAE3C5 /* VolunteersiOsApp.app */;
			productType = "com.apple.product-type.application";
		};
		9C475C792D52DB2000EAE3C5 /* VolunteersiOsAppTests */ = {
			isa = PBXNativeTarget;
			buildConfigurationList = 9C475C912D52DB2000EAE3C5 /* Build configuration list for PBXNativeTarget "VolunteersiOsAppTests" */;
			buildPhases = (
				9C475C762D52DB2000EAE3C5 /* Sources */,
				9C475C772D52DB2000EAE3C5 /* Frameworks */,
				9C475C782D52DB2000EAE3C5 /* Resources */,
			);
			buildRules = (
			);
			dependencies = (
				9C475C7C2D52DB2000EAE3C5 /* PBXTargetDependency */,
			);
			name = VolunteersiOsAppTests;
			productName = VolunteersiOsAppTests;
			productReference = 9C475C7A2D52DB2000EAE3C5 /* VolunteersiOsAppTests.xctest */;
			productType = "com.apple.product-type.bundle.unit-test";
		};
		9C475C832D52DB2000EAE3C5 /* VolunteersiOsAppUITests */ = {
			isa = PBXNativeTarget;
			buildConfigurationList = 9C475C942D52DB2000EAE3C5 /* Build configuration list for PBXNativeTarget "VolunteersiOsAppUITests" */;
			buildPhases = (
				9C475C802D52DB2000EAE3C5 /* Sources */,
				9C475C812D52DB2000EAE3C5 /* Frameworks */,
				9C475C822D52DB2000EAE3C5 /* Resources */,
			);
			buildRules = (
			);
			dependencies = (
				9C475C862D52DB2000EAE3C5 /* PBXTargetDependency */,
			);
			name = VolunteersiOsAppUITests;
			productName = VolunteersiOsAppUITests;
			productReference = 9C475C842D52DB2000EAE3C5 /* VolunteersiOsAppUITests.xctest */;
			productType = "com.apple.product-type.bundle.ui-testing";
		};
/* End PBXNativeTarget section */

/* Begin PBXProject section */
		9C475C622D52DB1A00EAE3C5 /* Project object */ = {
			isa = PBXProject;
			attributes = {
				BuildIndependentTargetsInParallel = 1;
				LastSwiftUpdateCheck = 1540;
				LastUpgradeCheck = 1540;
				TargetAttributes = {
					9C475C692D52DB1A00EAE3C5 = {
						CreatedOnToolsVersion = 15.4;
					};
					9C475C792D52DB2000EAE3C5 = {
						CreatedOnToolsVersion = 15.4;
						TestTargetID = 9C475C692D52DB1A00EAE3C5;
					};
					9C475C832D52DB2000EAE3C5 = {
						CreatedOnToolsVersion = 15.4;
						TestTargetID = 9C475C692D52DB1A00EAE3C5;
					};
				};
			};
			buildConfigurationList = 9C475C652D52DB1A00EAE3C5 /* Build configuration list for PBXProject "VolunteersiOsApp" */;
			compatibilityVersion = "Xcode 14.0";
			developmentRegion = en;
			hasScannedForEncodings = 0;
			knownRegions = (
				en,
				Base,
			);
			mainGroup = 9C475C612D52DB1A00EAE3C5;
			productRefGroup = 9C475C6B2D52DB1A00EAE3C5 /* Products */;
			projectDirPath = "";
			projectRoot = "";
			targets = (
				9C475C692D52DB1A00EAE3C5 /* VolunteersiOsApp */,
				9C475C792D52DB2000EAE3C5 /* VolunteersiOsAppTests */,
				9C475C832D52DB2000EAE3C5 /* VolunteersiOsAppUITests */,
			);
		};
/* End PBXProject section */

/* Begin PBXResourcesBuildPhase section */
		9C475C682D52DB1A00EAE3C5 /* Resources */ = {
			isa = PBXResourcesBuildPhase;
			buildActionMask = 2147483647;
			files = (
				9C475C752D52DB1F00EAE3C5 /* Preview Assets.xcassets in Resources */,
				9C475C722D52DB1F00EAE3C5 /* Assets.xcassets in Resources */,
			);
			runOnlyForDeploymentPostprocessing = 0;
		};
		9C475C782D52DB2000EAE3C5 /* Resources */ = {
			isa = PBXResourcesBuildPhase;
			buildActionMask = 2147483647;
			files = (
			);
			runOnlyForDeploymentPostprocessing = 0;
		};
		9C475C822D52DB2000EAE3C5 /* Resources */ = {
			isa = PBXResourcesBuildPhase;
			buildActionMask = 2147483647;
			files = (
			);
			runOnlyForDeploymentPostprocessing = 0;
		};
/* End PBXResourcesBuildPhase section */

/* Begin PBXSourcesBuildPhase section */
		9C475C662D52DB1A00EAE3C5 /* Sources */ = {
			isa = PBXSourcesBuildPhase;
			buildActionMask = 2147483647;
			files = (
				9C475CCD2D52EB5300EAE3C5 /* SettingsState.swift in Sources */,
				9C475CAB2D52E56200EAE3C5 /* DataModule.swift in Sources */,
				9C475CC72D52EB2500EAE3C5 /* HomeState.swift in Sources */,
				9C475CBF2D52EADC00EAE3C5 /* HomeViewModel.swift in Sources */,
				9C475C702D52DB1A00EAE3C5 /* ContentView.swift in Sources */,
				9C475CB22D52E62700EAE3C5 /* PresentationModule.swift in Sources */,
				9C475CC12D52EAF400EAE3C5 /* HomeState.swift in Sources */,
				9C475CBD2D52EAC500EAE3C5 /* HomeView.swift in Sources */,
				9C475CC52D52EB1600EAE3C5 /* LoginViewModel.swift in Sources */,
				9C475CCB2D52EB4300EAE3C5 /* SettingsViewModel.swift in Sources */,
				9C475CA72D52E50100EAE3C5 /* CoreModule.swift in Sources */,
				9C475CC92D52EB3400EAE3C5 /* SettingsView.swift in Sources */,
				9C475CAD2D52E59100EAE3C5 /* DomainModule.swift in Sources */,
				9C475C6E2D52DB1A00EAE3C5 /* VolunteersiOsAppApp.swift in Sources */,
				9C475CC32D52EB0400EAE3C5 /* LoginView.swift in Sources */,
				9C475CA52D52E4D100EAE3C5 /* NetworkModule.swift in Sources */,
				9C475CA32D52E49200EAE3C5 /* AppModule.swift in Sources */,
			);
			runOnlyForDeploymentPostprocessing = 0;
		};
		9C475C762D52DB2000EAE3C5 /* Sources */ = {
			isa = PBXSourcesBuildPhase;
			buildActionMask = 2147483647;
			files = (
				9C475C7F2D52DB2000EAE3C5 /* VolunteersiOsAppTests.swift in Sources */,
			);
			runOnlyForDeploymentPostprocessing = 0;
		};
		9C475C802D52DB2000EAE3C5 /* Sources */ = {
			isa = PBXSourcesBuildPhase;
			buildActionMask = 2147483647;
			files = (
				9C475C892D52DB2000EAE3C5 /* VolunteersiOsAppUITests.swift in Sources */,
				9C475C8B2D52DB2000EAE3C5 /* VolunteersiOsAppUITestsLaunchTests.swift in Sources */,
			);
			runOnlyForDeploymentPostprocessing = 0;
		};
/* End PBXSourcesBuildPhase section */

/* Begin PBXTargetDependency section */
		9C475C7C2D52DB2000EAE3C5 /* PBXTargetDependency */ = {
			isa = PBXTargetDependency;
			target = 9C475C692D52DB1A00EAE3C5 /* VolunteersiOsApp */;
			targetProxy = 9C475C7B2D52DB2000EAE3C5 /* PBXContainerItemProxy */;
		};
		9C475C862D52DB2000EAE3C5 /* PBXTargetDependency */ = {
			isa = PBXTargetDependency;
			target = 9C475C692D52DB1A00EAE3C5 /* VolunteersiOsApp */;
			targetProxy = 9C475C852D52DB2000EAE3C5 /* PBXContainerItemProxy */;
		};
/* End PBXTargetDependency section */

/* Begin XCBuildConfiguration section */
		9C475C8C2D52DB2000EAE3C5 /* Debug */ = {
			isa = XCBuildConfiguration;
			buildSettings = {
				ALWAYS_SEARCH_USER_PATHS = NO;
				ASSETCATALOG_COMPILER_GENERATE_SWIFT_ASSET_SYMBOL_EXTENSIONS = YES;
				CLANG_ANALYZER_NONNULL = YES;
				CLANG_ANALYZER_NUMBER_OBJECT_CONVERSION = YES_AGGRESSIVE;
				CLANG_CXX_LANGUAGE_STANDARD = "gnu++20";
				CLANG_ENABLE_MODULES = YES;
				CLANG_ENABLE_OBJC_ARC = YES;
				CLANG_ENABLE_OBJC_WEAK = YES;
				CLANG_WARN_BLOCK_CAPTURE_AUTORELEASING = YES;
				CLANG_WARN_BOOL_CONVERSION = YES;
				CLANG_WARN_COMMA = YES;
				CLANG_WARN_CONSTANT_CONVERSION = YES;
				CLANG_WARN_DEPRECATED_OBJC_IMPLEMENTATIONS = YES;
				CLANG_WARN_DIRECT_OBJC_ISA_USAGE = YES_ERROR;
				CLANG_WARN_DOCUMENTATION_COMMENTS = YES;
				CLANG_WARN_EMPTY_BODY = YES;
				CLANG_WARN_ENUM_CONVERSION = YES;
				CLANG_WARN_INFINITE_RECURSION = YES;
				CLANG_WARN_INT_CONVERSION = YES;
				CLANG_WARN_NON_LITERAL_NULL_CONVERSION = YES;
				CLANG_WARN_OBJC_IMPLICIT_RETAIN_SELF = YES;
				CLANG_WARN_OBJC_LITERAL_CONVERSION = YES;
				CLANG_WARN_OBJC_ROOT_CLASS = YES_ERROR;
				CLANG_WARN_QUOTED_INCLUDE_IN_FRAMEWORK_HEADER = YES;
				CLANG_WARN_RANGE_LOOP_ANALYSIS = YES;
				CLANG_WARN_STRICT_PROTOTYPES = YES;
				CLANG_WARN_SUSPICIOUS_MOVE = YES;
				CLANG_WARN_UNGUARDED_AVAILABILITY = YES_AGGRESSIVE;
				CLANG_WARN_UNREACHABLE_CODE = YES;
				CLANG_WARN__DUPLICATE_METHOD_MATCH = YES;
				COPY_PHASE_STRIP = NO;
				DEBUG_INFORMATION_FORMAT = dwarf;
				ENABLE_STRICT_OBJC_MSGSEND = YES;
				ENABLE_TESTABILITY = YES;
				ENABLE_USER_SCRIPT_SANDBOXING = YES;
				GCC_C_LANGUAGE_STANDARD = gnu17;
				GCC_DYNAMIC_NO_PIC = NO;
				GCC_NO_COMMON_BLOCKS = YES;
				GCC_OPTIMIZATION_LEVEL = 0;
				GCC_PREPROCESSOR_DEFINITIONS = (
					"DEBUG=1",
					"$(inherited)",
				);
				GCC_WARN_64_TO_32_BIT_CONVERSION = YES;
				GCC_WARN_ABOUT_RETURN_TYPE = YES_ERROR;
				GCC_WARN_UNDECLARED_SELECTOR = YES;
				GCC_WARN_UNINITIALIZED_AUTOS = YES_AGGRESSIVE;
				GCC_WARN_UNUSED_FUNCTION = YES;
				GCC_WARN_UNUSED_VARIABLE = YES;
				IPHONEOS_DEPLOYMENT_TARGET = 17.5;
				LOCALIZATION_PREFERS_STRING_CATALOGS = YES;
				MTL_ENABLE_DEBUG_INFO = INCLUDE_SOURCE;
				MTL_FAST_MATH = YES;
				ONLY_ACTIVE_ARCH = YES;
				SDKROOT = iphoneos;
				SWIFT_ACTIVE_COMPILATION_CONDITIONS = "DEBUG $(inherited)";
				SWIFT_OPTIMIZATION_LEVEL = "-Onone";
			};
			name = Debug;
		};
		9C475C8D2D52DB2000EAE3C5 /* Release */ = {
			isa = XCBuildConfiguration;
			buildSettings = {
				ALWAYS_SEARCH_USER_PATHS = NO;
				ASSETCATALOG_COMPILER_GENERATE_SWIFT_ASSET_SYMBOL_EXTENSIONS = YES;
				CLANG_ANALYZER_NONNULL = YES;
				CLANG_ANALYZER_NUMBER_OBJECT_CONVERSION = YES_AGGRESSIVE;
				CLANG_CXX_LANGUAGE_STANDARD = "gnu++20";
				CLANG_ENABLE_MODULES = YES;
				CLANG_ENABLE_OBJC_ARC = YES;
				CLANG_ENABLE_OBJC_WEAK = YES;
				CLANG_WARN_BLOCK_CAPTURE_AUTORELEASING = YES;
				CLANG_WARN_BOOL_CONVERSION = YES;
				CLANG_WARN_COMMA = YES;
				CLANG_WARN_CONSTANT_CONVERSION = YES;
				CLANG_WARN_DEPRECATED_OBJC_IMPLEMENTATIONS = YES;
				CLANG_WARN_DIRECT_OBJC_ISA_USAGE = YES_ERROR;
				CLANG_WARN_DOCUMENTATION_COMMENTS = YES;
				CLANG_WARN_EMPTY_BODY = YES;
				CLANG_WARN_ENUM_CONVERSION = YES;
				CLANG_WARN_INFINITE_RECURSION = YES;
				CLANG_WARN_INT_CONVERSION = YES;
				CLANG_WARN_NON_LITERAL_NULL_CONVERSION = YES;
				CLANG_WARN_OBJC_IMPLICIT_RETAIN_SELF = YES;
				CLANG_WARN_OBJC_LITERAL_CONVERSION = YES;
				CLANG_WARN_OBJC_ROOT_CLASS = YES_ERROR;
				CLANG_WARN_QUOTED_INCLUDE_IN_FRAMEWORK_HEADER = YES;
				CLANG_WARN_RANGE_LOOP_ANALYSIS = YES;
				CLANG_WARN_STRICT_PROTOTYPES = YES;
				CLANG_WARN_SUSPICIOUS_MOVE = YES;
				CLANG_WARN_UNGUARDED_AVAILABILITY = YES_AGGRESSIVE;
				CLANG_WARN_UNREACHABLE_CODE = YES;
				CLANG_WARN__DUPLICATE_METHOD_MATCH = YES;
				COPY_PHASE_STRIP = NO;
				DEBUG_INFORMATION_FORMAT = "dwarf-with-dsym";
				ENABLE_NS_ASSERTIONS = NO;
				ENABLE_STRICT_OBJC_MSGSEND = YES;
				ENABLE_USER_SCRIPT_SANDBOXING = YES;
				GCC_C_LANGUAGE_STANDARD = gnu17;
				GCC_NO_COMMON_BLOCKS = YES;
				GCC_WARN_64_TO_32_BIT_CONVERSION = YES;
				GCC_WARN_ABOUT_RETURN_TYPE = YES_ERROR;
				GCC_WARN_UNDECLARED_SELECTOR = YES;
				GCC_WARN_UNINITIALIZED_AUTOS = YES_AGGRESSIVE;
				GCC_WARN_UNUSED_FUNCTION = YES;
				GCC_WARN_UNUSED_VARIABLE = YES;
				IPHONEOS_DEPLOYMENT_TARGET = 17.5;
				LOCALIZATION_PREFERS_STRING_CATALOGS = YES;
				MTL_ENABLE_DEBUG_INFO = NO;
				MTL_FAST_MATH = YES;
				SDKROOT = iphoneos;
				SWIFT_COMPILATION_MODE = wholemodule;
				VALIDATE_PRODUCT = YES;
			};
			name = Release;
		};
		9C475C8F2D52DB2000EAE3C5 /* Debug */ = {
			isa = XCBuildConfiguration;
			buildSettings = {
				ASSETCATALOG_COMPILER_APPICON_NAME = AppIcon;
				ASSETCATALOG_COMPILER_GLOBAL_ACCENT_COLOR_NAME = AccentColor;
				CODE_SIGN_STYLE = Automatic;
				CURRENT_PROJECT_VERSION = 1;
				DEVELOPMENT_ASSET_PATHS = "\"VolunteersiOsApp/Preview Content\"";
				DEVELOPMENT_TEAM = Q2SY8U2T77;
				ENABLE_PREVIEWS = YES;
				GENERATE_INFOPLIST_FILE = YES;
				INFOPLIST_KEY_UIApplicationSceneManifest_Generation = YES;
				INFOPLIST_KEY_UIApplicationSupportsIndirectInputEvents = YES;
				INFOPLIST_KEY_UILaunchScreen_Generation = YES;
				INFOPLIST_KEY_UISupportedInterfaceOrientations_iPad = "UIInterfaceOrientationPortrait UIInterfaceOrientationPortraitUpsideDown UIInterfaceOrientationLandscapeLeft UIInterfaceOrientationLandscapeRight";
				INFOPLIST_KEY_UISupportedInterfaceOrientations_iPhone = "UIInterfaceOrientationPortrait UIInterfaceOrientationLandscapeLeft UIInterfaceOrientationLandscapeRight";
				LD_RUNPATH_SEARCH_PATHS = (
					"$(inherited)",
					"@executable_path/Frameworks",
				);
				MARKETING_VERSION = 1.0;
				PRODUCT_BUNDLE_IDENTIFIER = fabianospdev.VolunteersiOsApp;
				PRODUCT_NAME = "$(TARGET_NAME)";
				SUPPORTED_PLATFORMS = "iphoneos iphonesimulator";
				SUPPORTS_MACCATALYST = NO;
				SUPPORTS_MAC_DESIGNED_FOR_IPHONE_IPAD = NO;
				SUPPORTS_XR_DESIGNED_FOR_IPHONE_IPAD = NO;
				SWIFT_EMIT_LOC_STRINGS = YES;
				SWIFT_VERSION = 5.0;
				TARGETED_DEVICE_FAMILY = "1,2";
			};
			name = Debug;
		};
		9C475C902D52DB2000EAE3C5 /* Release */ = {
			isa = XCBuildConfiguration;
			buildSettings = {
				ASSETCATALOG_COMPILER_APPICON_NAME = AppIcon;
				ASSETCATALOG_COMPILER_GLOBAL_ACCENT_COLOR_NAME = AccentColor;
				CODE_SIGN_STYLE = Automatic;
				CURRENT_PROJECT_VERSION = 1;
				DEVELOPMENT_ASSET_PATHS = "\"VolunteersiOsApp/Preview Content\"";
				DEVELOPMENT_TEAM = Q2SY8U2T77;
				ENABLE_PREVIEWS = YES;
				GENERATE_INFOPLIST_FILE = YES;
				INFOPLIST_KEY_UIApplicationSceneManifest_Generation = YES;
				INFOPLIST_KEY_UIApplicationSupportsIndirectInputEvents = YES;
				INFOPLIST_KEY_UILaunchScreen_Generation = YES;
				INFOPLIST_KEY_UISupportedInterfaceOrientations_iPad = "UIInterfaceOrientationPortrait UIInterfaceOrientationPortraitUpsideDown UIInterfaceOrientationLandscapeLeft UIInterfaceOrientationLandscapeRight";
				INFOPLIST_KEY_UISupportedInterfaceOrientations_iPhone = "UIInterfaceOrientationPortrait UIInterfaceOrientationLandscapeLeft UIInterfaceOrientationLandscapeRight";
				LD_RUNPATH_SEARCH_PATHS = (
					"$(inherited)",
					"@executable_path/Frameworks",
				);
				MARKETING_VERSION = 1.0;
				PRODUCT_BUNDLE_IDENTIFIER = fabianospdev.VolunteersiOsApp;
				PRODUCT_NAME = "$(TARGET_NAME)";
				SUPPORTED_PLATFORMS = "iphoneos iphonesimulator";
				SUPPORTS_MACCATALYST = NO;
				SUPPORTS_MAC_DESIGNED_FOR_IPHONE_IPAD = NO;
				SUPPORTS_XR_DESIGNED_FOR_IPHONE_IPAD = NO;
				SWIFT_EMIT_LOC_STRINGS = YES;
				SWIFT_VERSION = 5.0;
				TARGETED_DEVICE_FAMILY = "1,2";
			};
			name = Release;
		};
		9C475C922D52DB2000EAE3C5 /* Debug */ = {
			isa = XCBuildConfiguration;
			buildSettings = {
				ALWAYS_EMBED_SWIFT_STANDARD_LIBRARIES = YES;
				BUNDLE_LOADER = "$(TEST_HOST)";
				CODE_SIGN_STYLE = Automatic;
				CURRENT_PROJECT_VERSION = 1;
				DEVELOPMENT_TEAM = Q2SY8U2T77;
				GENERATE_INFOPLIST_FILE = YES;
				IPHONEOS_DEPLOYMENT_TARGET = 17.5;
				MARKETING_VERSION = 1.0;
				PRODUCT_BUNDLE_IDENTIFIER = fabianospdev.VolunteersiOsAppTests;
				PRODUCT_NAME = "$(TARGET_NAME)";
				SWIFT_EMIT_LOC_STRINGS = NO;
				SWIFT_VERSION = 5.0;
				TARGETED_DEVICE_FAMILY = "1,2";
				TEST_HOST = "$(BUILT_PRODUCTS_DIR)/VolunteersiOsApp.app/$(BUNDLE_EXECUTABLE_FOLDER_PATH)/VolunteersiOsApp";
			};
			name = Debug;
		};
		9C475C932D52DB2000EAE3C5 /* Release */ = {
			isa = XCBuildConfiguration;
			buildSettings = {
				ALWAYS_EMBED_SWIFT_STANDARD_LIBRARIES = YES;
				BUNDLE_LOADER = "$(TEST_HOST)";
				CODE_SIGN_STYLE = Automatic;
				CURRENT_PROJECT_VERSION = 1;
				DEVELOPMENT_TEAM = Q2SY8U2T77;
				GENERATE_INFOPLIST_FILE = YES;
				IPHONEOS_DEPLOYMENT_TARGET = 17.5;
				MARKETING_VERSION = 1.0;
				PRODUCT_BUNDLE_IDENTIFIER = fabianospdev.VolunteersiOsAppTests;
				PRODUCT_NAME = "$(TARGET_NAME)";
				SWIFT_EMIT_LOC_STRINGS = NO;
				SWIFT_VERSION = 5.0;
				TARGETED_DEVICE_FAMILY = "1,2";
				TEST_HOST = "$(BUILT_PRODUCTS_DIR)/VolunteersiOsApp.app/$(BUNDLE_EXECUTABLE_FOLDER_PATH)/VolunteersiOsApp";
			};
			name = Release;
		};
		9C475C952D52DB2000EAE3C5 /* Debug */ = {
			isa = XCBuildConfiguration;
			buildSettings = {
				ALWAYS_EMBED_SWIFT_STANDARD_LIBRARIES = YES;
				CODE_SIGN_STYLE = Automatic;
				CURRENT_PROJECT_VERSION = 1;
				DEVELOPMENT_TEAM = Q2SY8U2T77;
				GENERATE_INFOPLIST_FILE = YES;
				MARKETING_VERSION = 1.0;
				PRODUCT_BUNDLE_IDENTIFIER = fabianospdev.VolunteersiOsAppUITests;
				PRODUCT_NAME = "$(TARGET_NAME)";
				SWIFT_EMIT_LOC_STRINGS = NO;
				SWIFT_VERSION = 5.0;
				TARGETED_DEVICE_FAMILY = "1,2";
				TEST_TARGET_NAME = VolunteersiOsApp;
			};
			name = Debug;
		};
		9C475C962D52DB2000EAE3C5 /* Release */ = {
			isa = XCBuildConfiguration;
			buildSettings = {
				ALWAYS_EMBED_SWIFT_STANDARD_LIBRARIES = YES;
				CODE_SIGN_STYLE = Automatic;
				CURRENT_PROJECT_VERSION = 1;
				DEVELOPMENT_TEAM = Q2SY8U2T77;
				GENERATE_INFOPLIST_FILE = YES;
				MARKETING_VERSION = 1.0;
				PRODUCT_BUNDLE_IDENTIFIER = fabianospdev.VolunteersiOsAppUITests;
				PRODUCT_NAME = "$(TARGET_NAME)";
				SWIFT_EMIT_LOC_STRINGS = NO;
				SWIFT_VERSION = 5.0;
				TARGETED_DEVICE_FAMILY = "1,2";
				TEST_TARGET_NAME = VolunteersiOsApp;
			};
			name = Release;
		};
/* End XCBuildConfiguration section */

/* Begin XCConfigurationList section */
		9C475C652D52DB1A00EAE3C5 /* Build configuration list for PBXProject "VolunteersiOsApp" */ = {
			isa = XCConfigurationList;
			buildConfigurations = (
				9C475C8C2D52DB2000EAE3C5 /* Debug */,
				9C475C8D2D52DB2000EAE3C5 /* Release */,
			);
			defaultConfigurationIsVisible = 0;
			defaultConfigurationName = Release;
		};
		9C475C8E2D52DB2000EAE3C5 /* Build configuration list for PBXNativeTarget "VolunteersiOsApp" */ = {
			isa = XCConfigurationList;
			buildConfigurations = (
				9C475C8F2D52DB2000EAE3C5 /* Debug */,
				9C475C902D52DB2000EAE3C5 /* Release */,
			);
			defaultConfigurationIsVisible = 0;
			defaultConfigurationName = Release;
		};
		9C475C912D52DB2000EAE3C5 /* Build configuration list for PBXNativeTarget "VolunteersiOsAppTests" */ = {
			isa = XCConfigurationList;
			buildConfigurations = (
				9C475C922D52DB2000EAE3C5 /* Debug */,
				9C475C932D52DB2000EAE3C5 /* Release */,
			);
			defaultConfigurationIsVisible = 0;
			defaultConfigurationName = Release;
		};
		9C475C942D52DB2000EAE3C5 /* Build configuration list for PBXNativeTarget "VolunteersiOsAppUITests" */ = {
			isa = XCConfigurationList;
			buildConfigurations = (
				9C475C952D52DB2000EAE3C5 /* Debug */,
				9C475C962D52DB2000EAE3C5 /* Release */,
			);
			defaultConfigurationIsVisible = 0;
			defaultConfigurationName = Release;
		};
/* End XCConfigurationList section */
	};
	rootObject = 9C475C622D52DB1A00EAE3C5 /* Project object */;
}
